{"format_version":"1.1","terraform_version":"1.2.5","planned_values":{"outputs":{"bipin_vpc":{"sensitive":false}},"root_module":{"resources":[{"address":"aws_security_group.sg","mode":"managed","type":"aws_security_group","name":"sg","provider_name":"registry.terraform.io/hashicorp/aws","schema_version":1,"values":{"description":"Allow SSH inbound traffic","name_prefix":"bipin","revoke_rules_on_delete":false,"tags":null,"timeouts":null},"sensitive_values":{"egress":[],"ingress":[],"tags_all":{}}},{"address":"aws_security_group_rule.example","mode":"managed","type":"aws_security_group_rule","name":"example","provider_name":"registry.terraform.io/hashicorp/aws","schema_version":2,"values":{"cidr_blocks":["10.0.0.0/16"],"description":"access to the ssh port","from_port":22,"ipv6_cidr_blocks":null,"prefix_list_ids":null,"protocol":"tcp","self":false,"to_port":22,"type":"ingress"},"sensitive_values":{"cidr_blocks":[false]}}],"child_modules":[{"resources":[{"address":"module.bipin_vpc.aws_internet_gateway.this[0]","mode":"managed","type":"aws_internet_gateway","name":"this","index":0,"provider_name":"registry.terraform.io/hashicorp/aws","schema_version":0,"values":{"tags":{"Name":"bipin-vpc"},"tags_all":{"Name":"bipin-vpc"}},"sensitive_values":{"tags":{},"tags_all":{}}},{"address":"module.bipin_vpc.aws_route.public_internet_gateway[0]","mode":"managed","type":"aws_route","name":"public_internet_gateway","index":0,"provider_name":"registry.terraform.io/hashicorp/aws","schema_version":0,"values":{"carrier_gateway_id":null,"core_network_arn":null,"destination_cidr_block":"0.0.0.0/0","destination_ipv6_cidr_block":null,"destination_prefix_list_id":null,"egress_only_gateway_id":null,"local_gateway_id":null,"nat_gateway_id":null,"timeouts":{"create":"5m","delete":null,"update":null},"transit_gateway_id":null,"vpc_endpoint_id":null,"vpc_peering_connection_id":null},"sensitive_values":{"timeouts":{}}},{"address":"module.bipin_vpc.aws_route_table.public[0]","mode":"managed","type":"aws_route_table","name":"public","index":0,"provider_name":"registry.terraform.io/hashicorp/aws","schema_version":0,"values":{"tags":{"Name":"bipin-vpc-public"},"tags_all":{"Name":"bipin-vpc-public"},"timeouts":null},"sensitive_values":{"propagating_vgws":[],"route":[],"tags":{},"tags_all":{}}},{"address":"module.bipin_vpc.aws_route_table_association.public[0]","mode":"managed","type":"aws_route_table_association","name":"public","index":0,"provider_name":"registry.terraform.io/hashicorp/aws","schema_version":0,"values":{"gateway_id":null},"sensitive_values":{}},{"address":"module.bipin_vpc.aws_route_table_association.public[1]","mode":"managed","type":"aws_route_table_association","name":"public","index":1,"provider_name":"registry.terraform.io/hashicorp/aws","schema_version":0,"values":{"gateway_id":null},"sensitive_values":{}},{"address":"module.bipin_vpc.aws_subnet.public[0]","mode":"managed","type":"aws_subnet","name":"public","index":0,"provider_name":"registry.terraform.io/hashicorp/aws","schema_version":1,"values":{"assign_ipv6_address_on_creation":false,"availability_zone":"us-east-2a","cidr_block":"10.0.0.0/24","customer_owned_ipv4_pool":null,"enable_dns64":false,"enable_resource_name_dns_a_record_on_launch":false,"enable_resource_name_dns_aaaa_record_on_launch":false,"ipv6_cidr_block":null,"ipv6_native":false,"map_customer_owned_ip_on_launch":null,"map_public_ip_on_launch":true,"outpost_arn":null,"tags":{"Name":"bipin-vpc-public-us-east-2a"},"tags_all":{"Name":"bipin-vpc-public-us-east-2a"},"timeouts":null},"sensitive_values":{"tags":{},"tags_all":{}}},{"address":"module.bipin_vpc.aws_subnet.public[1]","mode":"managed","type":"aws_subnet","name":"public","index":1,"provider_name":"registry.terraform.io/hashicorp/aws","schema_version":1,"values":{"assign_ipv6_address_on_creation":false,"availability_zone":"us-east-2c","cidr_block":"10.0.1.0/24","customer_owned_ipv4_pool":null,"enable_dns64":false,"enable_resource_name_dns_a_record_on_launch":false,"enable_resource_name_dns_aaaa_record_on_launch":false,"ipv6_cidr_block":null,"ipv6_native":false,"map_customer_owned_ip_on_launch":null,"map_public_ip_on_launch":true,"outpost_arn":null,"tags":{"Name":"bipin-vpc-public-us-east-2c"},"tags_all":{"Name":"bipin-vpc-public-us-east-2c"},"timeouts":null},"sensitive_values":{"tags":{},"tags_all":{}}},{"address":"module.bipin_vpc.aws_vpc.this[0]","mode":"managed","type":"aws_vpc","name":"this","index":0,"provider_name":"registry.terraform.io/hashicorp/aws","schema_version":1,"values":{"assign_generated_ipv6_cidr_block":false,"cidr_block":"10.0.0.0/16","enable_dns_hostnames":true,"enable_dns_support":true,"instance_tenancy":"default","ipv4_ipam_pool_id":null,"ipv4_netmask_length":null,"ipv6_ipam_pool_id":null,"ipv6_netmask_length":null,"tags":{"Name":"bipin-vpc"},"tags_all":{"Name":"bipin-vpc"}},"sensitive_values":{"tags":{},"tags_all":{}}}],"address":"module.bipin_vpc"}]}},"resource_changes":[{"address":"aws_security_group.sg","mode":"managed","type":"aws_security_group","name":"sg","provider_name":"registry.terraform.io/hashicorp/aws","change":{"actions":["create"],"before":null,"after":{"description":"Allow SSH inbound traffic","name_prefix":"bipin","revoke_rules_on_delete":false,"tags":null,"timeouts":null},"after_unknown":{"arn":true,"egress":true,"id":true,"ingress":true,"name":true,"owner_id":true,"tags_all":true,"vpc_id":true},"before_sensitive":false,"after_sensitive":{"egress":[],"ingress":[],"tags_all":{}}}},{"address":"aws_security_group_rule.example","mode":"managed","type":"aws_security_group_rule","name":"example","provider_name":"registry.terraform.io/hashicorp/aws","change":{"actions":["create"],"before":null,"after":{"cidr_blocks":["10.0.0.0/16"],"description":"access to the ssh port","from_port":22,"ipv6_cidr_blocks":null,"prefix_list_ids":null,"protocol":"tcp","self":false,"to_port":22,"type":"ingress"},"after_unknown":{"cidr_blocks":[false],"id":true,"security_group_id":true,"source_security_group_id":true},"before_sensitive":false,"after_sensitive":{"cidr_blocks":[false]}}},{"address":"module.bipin_vpc.aws_internet_gateway.this[0]","module_address":"module.bipin_vpc","mode":"managed","type":"aws_internet_gateway","name":"this","index":0,"provider_name":"registry.terraform.io/hashicorp/aws","change":{"actions":["create"],"before":null,"after":{"tags":{"Name":"bipin-vpc"},"tags_all":{"Name":"bipin-vpc"}},"after_unknown":{"arn":true,"id":true,"owner_id":true,"tags":{},"tags_all":{},"vpc_id":true},"before_sensitive":false,"after_sensitive":{"tags":{},"tags_all":{}}}},{"address":"module.bipin_vpc.aws_route.public_internet_gateway[0]","module_address":"module.bipin_vpc","mode":"managed","type":"aws_route","name":"public_internet_gateway","index":0,"provider_name":"registry.terraform.io/hashicorp/aws","change":{"actions":["create"],"before":null,"after":{"carrier_gateway_id":null,"core_network_arn":null,"destination_cidr_block":"0.0.0.0/0","destination_ipv6_cidr_block":null,"destination_prefix_list_id":null,"egress_only_gateway_id":null,"local_gateway_id":null,"nat_gateway_id":null,"timeouts":{"create":"5m","delete":null,"update":null},"transit_gateway_id":null,"vpc_endpoint_id":null,"vpc_peering_connection_id":null},"after_unknown":{"gateway_id":true,"id":true,"instance_id":true,"instance_owner_id":true,"network_interface_id":true,"origin":true,"route_table_id":true,"state":true,"timeouts":{}},"before_sensitive":false,"after_sensitive":{"timeouts":{}}}},{"address":"module.bipin_vpc.aws_route_table.public[0]","module_address":"module.bipin_vpc","mode":"managed","type":"aws_route_table","name":"public","index":0,"provider_name":"registry.terraform.io/hashicorp/aws","change":{"actions":["create"],"before":null,"after":{"tags":{"Name":"bipin-vpc-public"},"tags_all":{"Name":"bipin-vpc-public"},"timeouts":null},"after_unknown":{"arn":true,"id":true,"owner_id":true,"propagating_vgws":true,"route":true,"tags":{},"tags_all":{},"vpc_id":true},"before_sensitive":false,"after_sensitive":{"propagating_vgws":[],"route":[],"tags":{},"tags_all":{}}}},{"address":"module.bipin_vpc.aws_route_table_association.public[0]","module_address":"module.bipin_vpc","mode":"managed","type":"aws_route_table_association","name":"public","index":0,"provider_name":"registry.terraform.io/hashicorp/aws","change":{"actions":["create"],"before":null,"after":{"gateway_id":null},"after_unknown":{"id":true,"route_table_id":true,"subnet_id":true},"before_sensitive":false,"after_sensitive":{}}},{"address":"module.bipin_vpc.aws_route_table_association.public[1]","module_address":"module.bipin_vpc","mode":"managed","type":"aws_route_table_association","name":"public","index":1,"provider_name":"registry.terraform.io/hashicorp/aws","change":{"actions":["create"],"before":null,"after":{"gateway_id":null},"after_unknown":{"id":true,"route_table_id":true,"subnet_id":true},"before_sensitive":false,"after_sensitive":{}}},{"address":"module.bipin_vpc.aws_subnet.public[0]","module_address":"module.bipin_vpc","mode":"managed","type":"aws_subnet","name":"public","index":0,"provider_name":"registry.terraform.io/hashicorp/aws","change":{"actions":["create"],"before":null,"after":{"assign_ipv6_address_on_creation":false,"availability_zone":"us-east-2a","cidr_block":"10.0.0.0/24","customer_owned_ipv4_pool":null,"enable_dns64":false,"enable_resource_name_dns_a_record_on_launch":false,"enable_resource_name_dns_aaaa_record_on_launch":false,"ipv6_cidr_block":null,"ipv6_native":false,"map_customer_owned_ip_on_launch":null,"map_public_ip_on_launch":true,"outpost_arn":null,"tags":{"Name":"bipin-vpc-public-us-east-2a"},"tags_all":{"Name":"bipin-vpc-public-us-east-2a"},"timeouts":null},"after_unknown":{"arn":true,"availability_zone_id":true,"id":true,"ipv6_cidr_block_association_id":true,"owner_id":true,"private_dns_hostname_type_on_launch":true,"tags":{},"tags_all":{},"vpc_id":true},"before_sensitive":false,"after_sensitive":{"tags":{},"tags_all":{}}}},{"address":"module.bipin_vpc.aws_subnet.public[1]","module_address":"module.bipin_vpc","mode":"managed","type":"aws_subnet","name":"public","index":1,"provider_name":"registry.terraform.io/hashicorp/aws","change":{"actions":["create"],"before":null,"after":{"assign_ipv6_address_on_creation":false,"availability_zone":"us-east-2c","cidr_block":"10.0.1.0/24","customer_owned_ipv4_pool":null,"enable_dns64":false,"enable_resource_name_dns_a_record_on_launch":false,"enable_resource_name_dns_aaaa_record_on_launch":false,"ipv6_cidr_block":null,"ipv6_native":false,"map_customer_owned_ip_on_launch":null,"map_public_ip_on_launch":true,"outpost_arn":null,"tags":{"Name":"bipin-vpc-public-us-east-2c"},"tags_all":{"Name":"bipin-vpc-public-us-east-2c"},"timeouts":null},"after_unknown":{"arn":true,"availability_zone_id":true,"id":true,"ipv6_cidr_block_association_id":true,"owner_id":true,"private_dns_hostname_type_on_launch":true,"tags":{},"tags_all":{},"vpc_id":true},"before_sensitive":false,"after_sensitive":{"tags":{},"tags_all":{}}}},{"address":"module.bipin_vpc.aws_vpc.this[0]","module_address":"module.bipin_vpc","mode":"managed","type":"aws_vpc","name":"this","index":0,"provider_name":"registry.terraform.io/hashicorp/aws","change":{"actions":["create"],"before":null,"after":{"assign_generated_ipv6_cidr_block":false,"cidr_block":"10.0.0.0/16","enable_dns_hostnames":true,"enable_dns_support":true,"instance_tenancy":"default","ipv4_ipam_pool_id":null,"ipv4_netmask_length":null,"ipv6_ipam_pool_id":null,"ipv6_netmask_length":null,"tags":{"Name":"bipin-vpc"},"tags_all":{"Name":"bipin-vpc"}},"after_unknown":{"arn":true,"default_network_acl_id":true,"default_route_table_id":true,"default_security_group_id":true,"dhcp_options_id":true,"enable_classiclink":true,"enable_classiclink_dns_support":true,"id":true,"ipv6_association_id":true,"ipv6_cidr_block":true,"ipv6_cidr_block_network_border_group":true,"main_route_table_id":true,"owner_id":true,"tags":{},"tags_all":{}},"before_sensitive":false,"after_sensitive":{"tags":{},"tags_all":{}}}}],"output_changes":{"bipin_vpc":{"actions":["create"],"before":null,"after_unknown":true,"before_sensitive":false,"after_sensitive":false}},"configuration":{"provider_config":{"aws":{"name":"aws","full_name":"registry.terraform.io/hashicorp/aws","expressions":{"region":{"constant_value":"us-east-2"}}}},"root_module":{"outputs":{"bipin_vpc":{"expression":{"references":["module.bipin_vpc.vpc_id","module.bipin_vpc"]}}},"resources":[{"address":"aws_security_group.sg","mode":"managed","type":"aws_security_group","name":"sg","provider_config_key":"aws","expressions":{"description":{"constant_value":"Allow SSH inbound traffic"},"name_prefix":{"constant_value":"bipin"}},"schema_version":1},{"address":"aws_security_group_rule.example","mode":"managed","type":"aws_security_group_rule","name":"example","provider_config_key":"aws","expressions":{"cidr_blocks":{"constant_value":["10.0.0.0/16"]},"description":{"constant_value":"access to the ssh port"},"from_port":{"constant_value":22},"protocol":{"constant_value":"tcp"},"security_group_id":{"references":["aws_security_group.sg.id","aws_security_group.sg"]},"to_port":{"constant_value":22},"type":{"constant_value":"ingress"}},"schema_version":2}],"module_calls":{"bipin_vpc":{"source":"terraform-aws-modules/vpc/aws","expressions":{"azs":{"constant_value":["us-east-2a","us-east-2c"]},"cidr":{"constant_value":"10.0.0.0/16"},"enable_dns_hostnames":{"constant_value":true},"enable_dns_support":{"constant_value":true},"name":{"constant_value":"bipin-vpc"},"public_subnets":{"constant_value":["10.0.0.0/24","10.0.1.0/24"]}},"module":{"outputs":{"azs":{"expression":{"references":["var.azs"]},"description":"A list of availability zones specified as argument to this module"},"database_network_acl_id":{"expression":{"references":["aws_network_acl.database"]},"description":"ID of the database network ACL"},"database_route_table_ids":{"expression":{"references":["aws_route_table.database","aws_route_table.database","aws_route_table.private"]},"description":"List of IDs of database route tables"},"database_subnet_arns":{"expression":{"references":["aws_subnet.database"]},"description":"List of ARNs of database subnets"},"database_subnet_group":{"expression":{"references":["aws_db_subnet_group.database"]},"description":"ID of database subnet group"},"database_subnets":{"expression":{"references":["aws_subnet.database"]},"description":"List of IDs of database subnets"},"database_subnets_cidr_blocks":{"expression":{"references":["aws_subnet.database"]},"description":"List of cidr_blocks of database subnets"},"database_subnets_ipv6_cidr_blocks":{"expression":{"references":["aws_subnet.database"]},"description":"List of IPv6 cidr_blocks of database subnets in an IPv6 enabled VPC"},"default_network_acl_id":{"expression":{"references":["aws_vpc.this"]},"description":"The ID of the default network ACL"},"default_route_table_id":{"expression":{"references":["aws_vpc.this"]},"description":"The ID of the default route table"},"default_security_group_id":{"expression":{"references":["aws_vpc.this"]},"description":"The ID of the security group created by default on VPC creation"},"default_vpc_cidr_block":{"expression":{"references":["aws_default_vpc.this"]},"description":"The CIDR block of the VPC"},"default_vpc_default_network_acl_id":{"expression":{"references":["aws_default_vpc.this"]},"description":"The ID of the default network ACL"},"default_vpc_default_route_table_id":{"expression":{"references":["aws_default_vpc.this"]},"description":"The ID of the default route table"},"default_vpc_default_security_group_id":{"expression":{"references":["aws_default_vpc.this"]},"description":"The ID of the security group created by default on VPC creation"},"default_vpc_enable_dns_hostnames":{"expression":{"references":["aws_default_vpc.this"]},"description":"Whether or not the VPC has DNS hostname support"},"default_vpc_enable_dns_support":{"expression":{"references":["aws_default_vpc.this"]},"description":"Whether or not the VPC has DNS support"},"default_vpc_id":{"expression":{"references":["aws_default_vpc.this"]},"description":"The ID of the VPC"},"default_vpc_instance_tenancy":{"expression":{"references":["aws_default_vpc.this"]},"description":"Tenancy of instances spin up within VPC"},"default_vpc_main_route_table_id":{"expression":{"references":["aws_default_vpc.this"]},"description":"The ID of the main route table associated with this VPC"},"egress_only_internet_gateway_id":{"expression":{"references":["aws_egress_only_internet_gateway.this"]},"description":"The ID of the egress only Internet Gateway"},"elasticache_network_acl_id":{"expression":{"references":["aws_network_acl.elasticache"]},"description":"ID of the elasticache network ACL"},"elasticache_route_table_ids":{"expression":{"references":["aws_route_table.elasticache","aws_route_table.elasticache","aws_route_table.private"]},"description":"List of IDs of elasticache route tables"},"elasticache_subnet_arns":{"expression":{"references":["aws_subnet.elasticache"]},"description":"List of ARNs of elasticache subnets"},"elasticache_subnet_group":{"expression":{"references":["aws_elasticache_subnet_group.elasticache"]},"description":"ID of elasticache subnet group"},"elasticache_subnet_group_name":{"expression":{"references":["aws_elasticache_subnet_group.elasticache"]},"description":"Name of elasticache subnet group"},"elasticache_subnets":{"expression":{"references":["aws_subnet.elasticache"]},"description":"List of IDs of elasticache subnets"},"elasticache_subnets_cidr_blocks":{"expression":{"references":["aws_subnet.elasticache"]},"description":"List of cidr_blocks of elasticache subnets"},"elasticache_subnets_ipv6_cidr_blocks":{"expression":{"references":["aws_subnet.elasticache"]},"description":"List of IPv6 cidr_blocks of elasticache subnets in an IPv6 enabled VPC"},"igw_id":{"expression":{"references":["aws_internet_gateway.this"]},"description":"The ID of the Internet Gateway"},"intra_network_acl_id":{"expression":{"references":["aws_network_acl.intra"]},"description":"ID of the intra network ACL"},"intra_route_table_ids":{"expression":{"references":["aws_route_table.intra"]},"description":"List of IDs of intra route tables"},"intra_subnet_arns":{"expression":{"references":["aws_subnet.intra"]},"description":"List of ARNs of intra subnets"},"intra_subnets":{"expression":{"references":["aws_subnet.intra"]},"description":"List of IDs of intra subnets"},"intra_subnets_cidr_blocks":{"expression":{"references":["aws_subnet.intra"]},"description":"List of cidr_blocks of intra subnets"},"intra_subnets_ipv6_cidr_blocks":{"expression":{"references":["aws_subnet.intra"]},"description":"List of IPv6 cidr_blocks of intra subnets in an IPv6 enabled VPC"},"name":{"expression":{"references":["var.name"]},"description":"The name of the VPC specified as argument to this module"},"nat_ids":{"expression":{"references":["aws_eip.nat"]},"description":"List of allocation ID of Elastic IPs created for AWS NAT Gateway"},"nat_public_ips":{"expression":{"references":["aws_eip.nat"]},"description":"List of public Elastic IPs created for AWS NAT Gateway"},"natgw_ids":{"expression":{"references":["aws_nat_gateway.this"]},"description":"List of NAT Gateway IDs"},"private_network_acl_id":{"expression":{"references":["aws_network_acl.private"]},"description":"ID of the private network ACL"},"private_route_table_ids":{"expression":{"references":["aws_route_table.private"]},"description":"List of IDs of private route tables"},"private_subnet_arns":{"expression":{"references":["aws_subnet.private"]},"description":"List of ARNs of private subnets"},"private_subnets":{"expression":{"references":["aws_subnet.private"]},"description":"List of IDs of private subnets"},"private_subnets_cidr_blocks":{"expression":{"references":["aws_subnet.private"]},"description":"List of cidr_blocks of private subnets"},"private_subnets_ipv6_cidr_blocks":{"expression":{"references":["aws_subnet.private"]},"description":"List of IPv6 cidr_blocks of private subnets in an IPv6 enabled VPC"},"public_network_acl_id":{"expression":{"references":["aws_network_acl.public"]},"description":"ID of the public network ACL"},"public_route_table_ids":{"expression":{"references":["aws_route_table.public"]},"description":"List of IDs of public route tables"},"public_subnet_arns":{"expression":{"references":["aws_subnet.public"]},"description":"List of ARNs of public subnets"},"public_subnets":{"expression":{"references":["aws_subnet.public"]},"description":"List of IDs of public subnets"},"public_subnets_cidr_blocks":{"expression":{"references":["aws_subnet.public"]},"description":"List of cidr_blocks of public subnets"},"public_subnets_ipv6_cidr_blocks":{"expression":{"references":["aws_subnet.public"]},"description":"List of IPv6 cidr_blocks of public subnets in an IPv6 enabled VPC"},"redshift_network_acl_id":{"expression":{"references":["aws_network_acl.redshift"]},"description":"ID of the redshift network ACL"},"redshift_route_table_ids":{"expression":{"references":["aws_route_table.redshift","aws_route_table.redshift","aws_route_table.private"]},"description":"List of IDs of redshift route tables"},"redshift_subnet_arns":{"expression":{"references":["aws_subnet.redshift"]},"description":"List of ARNs of redshift subnets"},"redshift_subnet_group":{"expression":{"references":["aws_redshift_subnet_group.redshift"]},"description":"ID of redshift subnet group"},"redshift_subnets":{"expression":{"references":["aws_subnet.redshift"]},"description":"List of IDs of redshift subnets"},"redshift_subnets_cidr_blocks":{"expression":{"references":["aws_subnet.redshift"]},"description":"List of cidr_blocks of redshift subnets"},"redshift_subnets_ipv6_cidr_blocks":{"expression":{"references":["aws_subnet.redshift"]},"description":"List of IPv6 cidr_blocks of redshift subnets in an IPv6 enabled VPC"},"vgw_id":{"expression":{"references":["aws_vpn_gateway.this","aws_vpn_gateway_attachment.this"]},"description":"The ID of the VPN Gateway"},"vpc_arn":{"expression":{"references":["aws_vpc.this"]},"description":"The ARN of the VPC"},"vpc_cidr_block":{"expression":{"references":["aws_vpc.this"]},"description":"The CIDR block of the VPC"},"vpc_enable_dns_hostnames":{"expression":{"references":["aws_vpc.this"]},"description":"Whether or not the VPC has DNS hostname support"},"vpc_enable_dns_support":{"expression":{"references":["aws_vpc.this"]},"description":"Whether or not the VPC has DNS support"},"vpc_endpoint_apigw_dns_entry":{"expression":{"references":["aws_vpc_endpoint.apigw"]},"description":"The DNS entries for the VPC Endpoint for APIGW."},"vpc_endpoint_apigw_id":{"expression":{"references":["aws_vpc_endpoint.apigw"]},"description":"The ID of VPC endpoint for APIGW"},"vpc_endpoint_apigw_network_interface_ids":{"expression":{"references":["aws_vpc_endpoint.apigw"]},"description":"One or more network interfaces for the VPC Endpoint for APIGW."},"vpc_endpoint_appmesh_envoy_management_dns_entry":{"expression":{"references":["aws_vpc_endpoint.appmesh_envoy_management"]},"description":"The DNS entries for the VPC Endpoint for AppMesh."},"vpc_endpoint_appmesh_envoy_management_id":{"expression":{"references":["aws_vpc_endpoint.appmesh_envoy_management"]},"description":"The ID of VPC endpoint for AppMesh"},"vpc_endpoint_appmesh_envoy_management_network_interface_ids":{"expression":{"references":["aws_vpc_endpoint.appmesh_envoy_management"]},"description":"One or more network interfaces for the VPC Endpoint for AppMesh."},"vpc_endpoint_appstream_dns_entry":{"expression":{"references":["aws_vpc_endpoint.appstream"]},"description":"The DNS entries for the VPC Endpoint for AppStream."},"vpc_endpoint_appstream_id":{"expression":{"references":["aws_vpc_endpoint.appstream"]},"description":"The ID of VPC endpoint for AppStream"},"vpc_endpoint_appstream_network_interface_ids":{"expression":{"references":["aws_vpc_endpoint.appstream"]},"description":"One or more network interfaces for the VPC Endpoint for AppStream."},"vpc_endpoint_athena_dns_entry":{"expression":{"references":["aws_vpc_endpoint.athena"]},"description":"The DNS entries for the VPC Endpoint for Athena."},"vpc_endpoint_athena_id":{"expression":{"references":["aws_vpc_endpoint.athena"]},"description":"The ID of VPC endpoint for Athena"},"vpc_endpoint_athena_network_interface_ids":{"expression":{"references":["aws_vpc_endpoint.athena"]},"description":"One or more network interfaces for the VPC Endpoint for Athena."},"vpc_endpoint_cloudformation_dns_entry":{"expression":{"references":["aws_vpc_endpoint.cloudformation"]},"description":"The DNS entries for the VPC Endpoint for Cloudformation."},"vpc_endpoint_cloudformation_id":{"expression":{"references":["aws_vpc_endpoint.cloudformation"]},"description":"The ID of VPC endpoint for Cloudformation"},"vpc_endpoint_cloudformation_network_interface_ids":{"expression":{"references":["aws_vpc_endpoint.cloudformation"]},"description":"One or more network interfaces for the VPC Endpoint for Cloudformation."},"vpc_endpoint_cloudtrail_dns_entry":{"expression":{"references":["aws_vpc_endpoint.cloudtrail"]},"description":"The DNS entries for the VPC Endpoint for CloudTrail."},"vpc_endpoint_cloudtrail_id":{"expression":{"references":["aws_vpc_endpoint.cloudtrail"]},"description":"The ID of VPC endpoint for CloudTrail"},"vpc_endpoint_cloudtrail_network_interface_ids":{"expression":{"references":["aws_vpc_endpoint.cloudtrail"]},"description":"One or more network interfaces for the VPC Endpoint for CloudTrail."},"vpc_endpoint_codebuild_dns_entry":{"expression":{"references":["aws_vpc_endpoint.codebuild"]},"description":"The DNS entries for the VPC Endpoint for codebuild."},"vpc_endpoint_codebuild_id":{"expression":{"references":["aws_vpc_endpoint.codebuild"]},"description":"The ID of VPC endpoint for codebuild"},"vpc_endpoint_codebuild_network_interface_ids":{"expression":{"references":["aws_vpc_endpoint.codebuild"]},"description":"One or more network interfaces for the VPC Endpoint for codebuild."},"vpc_endpoint_codecommit_dns_entry":{"expression":{"references":["aws_vpc_endpoint.codecommit"]},"description":"The DNS entries for the VPC Endpoint for codecommit."},"vpc_endpoint_codecommit_id":{"expression":{"references":["aws_vpc_endpoint.codecommit"]},"description":"The ID of VPC endpoint for codecommit"},"vpc_endpoint_codecommit_network_interface_ids":{"expression":{"references":["aws_vpc_endpoint.codecommit"]},"description":"One or more network interfaces for the VPC Endpoint for codecommit."},"vpc_endpoint_codepipeline_dns_entry":{"expression":{"references":["aws_vpc_endpoint.codepipeline"]},"description":"The DNS entries for the VPC Endpoint for CodePipeline."},"vpc_endpoint_codepipeline_id":{"expression":{"references":["aws_vpc_endpoint.codepipeline"]},"description":"The ID of VPC endpoint for CodePipeline"},"vpc_endpoint_codepipeline_network_interface_ids":{"expression":{"references":["aws_vpc_endpoint.codepipeline"]},"description":"One or more network interfaces for the VPC Endpoint for CodePipeline."},"vpc_endpoint_config_dns_entry":{"expression":{"references":["aws_vpc_endpoint.config"]},"description":"The DNS entries for the VPC Endpoint for config."},"vpc_endpoint_config_id":{"expression":{"references":["aws_vpc_endpoint.config"]},"description":"The ID of VPC endpoint for config"},"vpc_endpoint_config_network_interface_ids":{"expression":{"references":["aws_vpc_endpoint.config"]},"description":"One or more network interfaces for the VPC Endpoint for config."},"vpc_endpoint_dynamodb_id":{"expression":{"references":["aws_vpc_endpoint.dynamodb"]},"description":"The ID of VPC endpoint for DynamoDB"},"vpc_endpoint_dynamodb_pl_id":{"expression":{"references":["aws_vpc_endpoint.dynamodb"]},"description":"The prefix list for the DynamoDB VPC endpoint."},"vpc_endpoint_ec2_dns_entry":{"expression":{"references":["aws_vpc_endpoint.ec2"]},"description":"The DNS entries for the VPC Endpoint for EC2."},"vpc_endpoint_ec2_id":{"expression":{"references":["aws_vpc_endpoint.ec2"]},"description":"The ID of VPC endpoint for EC2"},"vpc_endpoint_ec2_network_interface_ids":{"expression":{"references":["aws_vpc_endpoint.ec2"]},"description":"One or more network interfaces for the VPC Endpoint for EC2"},"vpc_endpoint_ec2messages_dns_entry":{"expression":{"references":["aws_vpc_endpoint.ec2messages"]},"description":"The DNS entries for the VPC Endpoint for EC2MESSAGES."},"vpc_endpoint_ec2messages_id":{"expression":{"references":["aws_vpc_endpoint.ec2messages"]},"description":"The ID of VPC endpoint for EC2MESSAGES"},"vpc_endpoint_ec2messages_network_interface_ids":{"expression":{"references":["aws_vpc_endpoint.ec2messages"]},"description":"One or more network interfaces for the VPC Endpoint for EC2MESSAGES"},"vpc_endpoint_ecr_api_dns_entry":{"expression":{"references":["aws_vpc_endpoint.ecr_api"]},"description":"The DNS entries for the VPC Endpoint for ECR API."},"vpc_endpoint_ecr_api_id":{"expression":{"references":["aws_vpc_endpoint.ecr_api"]},"description":"The ID of VPC endpoint for ECR API"},"vpc_endpoint_ecr_api_network_interface_ids":{"expression":{"references":["aws_vpc_endpoint.ecr_api"]},"description":"One or more network interfaces for the VPC Endpoint for ECR API."},"vpc_endpoint_ecr_dkr_dns_entry":{"expression":{"references":["aws_vpc_endpoint.ecr_dkr"]},"description":"The DNS entries for the VPC Endpoint for ECR DKR."},"vpc_endpoint_ecr_dkr_id":{"expression":{"references":["aws_vpc_endpoint.ecr_dkr"]},"description":"The ID of VPC endpoint for ECR DKR"},"vpc_endpoint_ecr_dkr_network_interface_ids":{"expression":{"references":["aws_vpc_endpoint.ecr_dkr"]},"description":"One or more network interfaces for the VPC Endpoint for ECR DKR."},"vpc_endpoint_ecs_agent_dns_entry":{"expression":{"references":["aws_vpc_endpoint.ecs_agent"]},"description":"The DNS entries for the VPC Endpoint for ECS Agent."},"vpc_endpoint_ecs_agent_id":{"expression":{"references":["aws_vpc_endpoint.ecs_agent"]},"description":"The ID of VPC endpoint for ECS Agent"},"vpc_endpoint_ecs_agent_network_interface_ids":{"expression":{"references":["aws_vpc_endpoint.ecs_agent"]},"description":"One or more network interfaces for the VPC Endpoint for ECS Agent."},"vpc_endpoint_ecs_dns_entry":{"expression":{"references":["aws_vpc_endpoint.ecs"]},"description":"The DNS entries for the VPC Endpoint for ECS."},"vpc_endpoint_ecs_id":{"expression":{"references":["aws_vpc_endpoint.ecs"]},"description":"The ID of VPC endpoint for ECS"},"vpc_endpoint_ecs_network_interface_ids":{"expression":{"references":["aws_vpc_endpoint.ecs"]},"description":"One or more network interfaces for the VPC Endpoint for ECS."},"vpc_endpoint_ecs_telemetry_dns_entry":{"expression":{"references":["aws_vpc_endpoint.ecs_telemetry"]},"description":"The DNS entries for the VPC Endpoint for ECS Telemetry."},"vpc_endpoint_ecs_telemetry_id":{"expression":{"references":["aws_vpc_endpoint.ecs_telemetry"]},"description":"The ID of VPC endpoint for ECS Telemetry"},"vpc_endpoint_ecs_telemetry_network_interface_ids":{"expression":{"references":["aws_vpc_endpoint.ecs_telemetry"]},"description":"One or more network interfaces for the VPC Endpoint for ECS Telemetry."},"vpc_endpoint_elasticloadbalancing_dns_entry":{"expression":{"references":["aws_vpc_endpoint.elasticloadbalancing"]},"description":"The DNS entries for the VPC Endpoint for Elastic Load Balancing."},"vpc_endpoint_elasticloadbalancing_id":{"expression":{"references":["aws_vpc_endpoint.elasticloadbalancing"]},"description":"The ID of VPC endpoint for Elastic Load Balancing"},"vpc_endpoint_elasticloadbalancing_network_interface_ids":{"expression":{"references":["aws_vpc_endpoint.elasticloadbalancing"]},"description":"One or more network interfaces for the VPC Endpoint for Elastic Load Balancing."},"vpc_endpoint_events_dns_entry":{"expression":{"references":["aws_vpc_endpoint.events"]},"description":"The DNS entries for the VPC Endpoint for CloudWatch Events."},"vpc_endpoint_events_id":{"expression":{"references":["aws_vpc_endpoint.events"]},"description":"The ID of VPC endpoint for CloudWatch Events"},"vpc_endpoint_events_network_interface_ids":{"expression":{"references":["aws_vpc_endpoint.events"]},"description":"One or more network interfaces for the VPC Endpoint for CloudWatch Events."},"vpc_endpoint_git_codecommit_dns_entry":{"expression":{"references":["aws_vpc_endpoint.git_codecommit"]},"description":"The DNS entries for the VPC Endpoint for git_codecommit."},"vpc_endpoint_git_codecommit_id":{"expression":{"references":["aws_vpc_endpoint.git_codecommit"]},"description":"The ID of VPC endpoint for git_codecommit"},"vpc_endpoint_git_codecommit_network_interface_ids":{"expression":{"references":["aws_vpc_endpoint.git_codecommit"]},"description":"One or more network interfaces for the VPC Endpoint for git_codecommit."},"vpc_endpoint_glue_dns_entry":{"expression":{"references":["aws_vpc_endpoint.glue"]},"description":"The DNS entries for the VPC Endpoint for Glue."},"vpc_endpoint_glue_id":{"expression":{"references":["aws_vpc_endpoint.glue"]},"description":"The ID of VPC endpoint for Glue"},"vpc_endpoint_glue_network_interface_ids":{"expression":{"references":["aws_vpc_endpoint.glue"]},"description":"One or more network interfaces for the VPC Endpoint for Glue."},"vpc_endpoint_kinesis_firehose_dns_entry":{"expression":{"references":["aws_vpc_endpoint.kinesis_firehose"]},"description":"The DNS entries for the VPC Endpoint for Kinesis Firehose."},"vpc_endpoint_kinesis_firehose_id":{"expression":{"references":["aws_vpc_endpoint.kinesis_firehose"]},"description":"The ID of VPC endpoint for Kinesis Firehose"},"vpc_endpoint_kinesis_firehose_network_interface_ids":{"expression":{"references":["aws_vpc_endpoint.kinesis_firehose"]},"description":"One or more network interfaces for the VPC Endpoint for Kinesis Firehose."},"vpc_endpoint_kinesis_streams_dns_entry":{"expression":{"references":["aws_vpc_endpoint.kinesis_streams"]},"description":"The DNS entries for the VPC Endpoint for Kinesis Streams."},"vpc_endpoint_kinesis_streams_id":{"expression":{"references":["aws_vpc_endpoint.kinesis_streams"]},"description":"The ID of VPC endpoint for Kinesis Streams"},"vpc_endpoint_kinesis_streams_network_interface_ids":{"expression":{"references":["aws_vpc_endpoint.kinesis_streams"]},"description":"One or more network interfaces for the VPC Endpoint for Kinesis Streams."},"vpc_endpoint_kms_dns_entry":{"expression":{"references":["aws_vpc_endpoint.kms"]},"description":"The DNS entries for the VPC Endpoint for KMS."},"vpc_endpoint_kms_id":{"expression":{"references":["aws_vpc_endpoint.kms"]},"description":"The ID of VPC endpoint for KMS"},"vpc_endpoint_kms_network_interface_ids":{"expression":{"references":["aws_vpc_endpoint.kms"]},"description":"One or more network interfaces for the VPC Endpoint for KMS."},"vpc_endpoint_logs_dns_entry":{"expression":{"references":["aws_vpc_endpoint.logs"]},"description":"The DNS entries for the VPC Endpoint for CloudWatch Logs."},"vpc_endpoint_logs_id":{"expression":{"references":["aws_vpc_endpoint.logs"]},"description":"The ID of VPC endpoint for CloudWatch Logs"},"vpc_endpoint_logs_network_interface_ids":{"expression":{"references":["aws_vpc_endpoint.logs"]},"description":"One or more network interfaces for the VPC Endpoint for CloudWatch Logs."},"vpc_endpoint_monitoring_dns_entry":{"expression":{"references":["aws_vpc_endpoint.monitoring"]},"description":"The DNS entries for the VPC Endpoint for CloudWatch Monitoring."},"vpc_endpoint_monitoring_id":{"expression":{"references":["aws_vpc_endpoint.monitoring"]},"description":"The ID of VPC endpoint for CloudWatch Monitoring"},"vpc_endpoint_monitoring_network_interface_ids":{"expression":{"references":["aws_vpc_endpoint.monitoring"]},"description":"One or more network interfaces for the VPC Endpoint for CloudWatch Monitoring."},"vpc_endpoint_rekognition_dns_entry":{"expression":{"references":["aws_vpc_endpoint.rekognition"]},"description":"The DNS entries for the VPC Endpoint for Rekognition."},"vpc_endpoint_rekognition_id":{"expression":{"references":["aws_vpc_endpoint.rekognition"]},"description":"The ID of VPC endpoint for Rekognition"},"vpc_endpoint_rekognition_network_interface_ids":{"expression":{"references":["aws_vpc_endpoint.rekognition"]},"description":"One or more network interfaces for the VPC Endpoint for Rekognition."},"vpc_endpoint_s3_id":{"expression":{"references":["aws_vpc_endpoint.s3"]},"description":"The ID of VPC endpoint for S3"},"vpc_endpoint_s3_pl_id":{"expression":{"references":["aws_vpc_endpoint.s3"]},"description":"The prefix list for the S3 VPC endpoint."},"vpc_endpoint_sagemaker_api_dns_entry":{"expression":{"references":["aws_vpc_endpoint.sagemaker_api"]},"description":"The DNS entries for the VPC Endpoint for SageMaker API."},"vpc_endpoint_sagemaker_api_id":{"expression":{"references":["aws_vpc_endpoint.sagemaker_api"]},"description":"The ID of VPC endpoint for SageMaker API"},"vpc_endpoint_sagemaker_api_network_interface_ids":{"expression":{"references":["aws_vpc_endpoint.sagemaker_api"]},"description":"One or more network interfaces for the VPC Endpoint for SageMaker API."},"vpc_endpoint_sagemaker_runtime_dns_entry":{"expression":{"references":["aws_vpc_endpoint.sagemaker_runtime"]},"description":"The DNS entries for the VPC Endpoint for SageMaker Runtime."},"vpc_endpoint_sagemaker_runtime_id":{"expression":{"references":["aws_vpc_endpoint.sagemaker_runtime"]},"description":"The ID of VPC endpoint for SageMaker Runtime"},"vpc_endpoint_sagemaker_runtime_network_interface_ids":{"expression":{"references":["aws_vpc_endpoint.sagemaker_runtime"]},"description":"One or more network interfaces for the VPC Endpoint for SageMaker Runtime."},"vpc_endpoint_secretsmanager_dns_entry":{"expression":{"references":["aws_vpc_endpoint.secretsmanager"]},"description":"The DNS entries for the VPC Endpoint for secretsmanager."},"vpc_endpoint_secretsmanager_id":{"expression":{"references":["aws_vpc_endpoint.secretsmanager"]},"description":"The ID of VPC endpoint for secretsmanager"},"vpc_endpoint_secretsmanager_network_interface_ids":{"expression":{"references":["aws_vpc_endpoint.secretsmanager"]},"description":"One or more network interfaces for the VPC Endpoint for secretsmanager."},"vpc_endpoint_servicecatalog_dns_entry":{"expression":{"references":["aws_vpc_endpoint.servicecatalog"]},"description":"The DNS entries for the VPC Endpoint for Service Catalog."},"vpc_endpoint_servicecatalog_id":{"expression":{"references":["aws_vpc_endpoint.servicecatalog"]},"description":"The ID of VPC endpoint for Service Catalog"},"vpc_endpoint_servicecatalog_network_interface_ids":{"expression":{"references":["aws_vpc_endpoint.servicecatalog"]},"description":"One or more network interfaces for the VPC Endpoint for Service Catalog."},"vpc_endpoint_sns_dns_entry":{"expression":{"references":["aws_vpc_endpoint.sns"]},"description":"The DNS entries for the VPC Endpoint for SNS."},"vpc_endpoint_sns_id":{"expression":{"references":["aws_vpc_endpoint.sns"]},"description":"The ID of VPC endpoint for SNS"},"vpc_endpoint_sns_network_interface_ids":{"expression":{"references":["aws_vpc_endpoint.sns"]},"description":"One or more network interfaces for the VPC Endpoint for SNS."},"vpc_endpoint_sqs_dns_entry":{"expression":{"references":["aws_vpc_endpoint.sqs"]},"description":"The DNS entries for the VPC Endpoint for SQS."},"vpc_endpoint_sqs_id":{"expression":{"references":["aws_vpc_endpoint.sqs"]},"description":"The ID of VPC endpoint for SQS"},"vpc_endpoint_sqs_network_interface_ids":{"expression":{"references":["aws_vpc_endpoint.sqs"]},"description":"One or more network interfaces for the VPC Endpoint for SQS."},"vpc_endpoint_ssm_dns_entry":{"expression":{"references":["aws_vpc_endpoint.ssm"]},"description":"The DNS entries for the VPC Endpoint for SSM."},"vpc_endpoint_ssm_id":{"expression":{"references":["aws_vpc_endpoint.ssm"]},"description":"The ID of VPC endpoint for SSM"},"vpc_endpoint_ssm_network_interface_ids":{"expression":{"references":["aws_vpc_endpoint.ssm"]},"description":"One or more network interfaces for the VPC Endpoint for SSM."},"vpc_endpoint_ssmmessages_dns_entry":{"expression":{"references":["aws_vpc_endpoint.ssmmessages"]},"description":"The DNS entries for the VPC Endpoint for SSMMESSAGES."},"vpc_endpoint_ssmmessages_id":{"expression":{"references":["aws_vpc_endpoint.ssmmessages"]},"description":"The ID of VPC endpoint for SSMMESSAGES"},"vpc_endpoint_ssmmessages_network_interface_ids":{"expression":{"references":["aws_vpc_endpoint.ssmmessages"]},"description":"One or more network interfaces for the VPC Endpoint for SSMMESSAGES."},"vpc_endpoint_storagegateway_dns_entry":{"expression":{"references":["aws_vpc_endpoint.storagegateway"]},"description":"The DNS entries for the VPC Endpoint for Storage Gateway."},"vpc_endpoint_storagegateway_id":{"expression":{"references":["aws_vpc_endpoint.storagegateway"]},"description":"The ID of VPC endpoint for Storage Gateway"},"vpc_endpoint_storagegateway_network_interface_ids":{"expression":{"references":["aws_vpc_endpoint.storagegateway"]},"description":"One or more network interfaces for the VPC Endpoint for Storage Gateway."},"vpc_endpoint_sts_dns_entry":{"expression":{"references":["aws_vpc_endpoint.sts"]},"description":"The DNS entries for the VPC Endpoint for STS."},"vpc_endpoint_sts_id":{"expression":{"references":["aws_vpc_endpoint.sts"]},"description":"The ID of VPC endpoint for STS"},"vpc_endpoint_sts_network_interface_ids":{"expression":{"references":["aws_vpc_endpoint.sts"]},"description":"One or more network interfaces for the VPC Endpoint for STS."},"vpc_endpoint_transfer_dns_entry":{"expression":{"references":["aws_vpc_endpoint.transfer"]},"description":"The DNS entries for the VPC Endpoint for Transfer."},"vpc_endpoint_transfer_id":{"expression":{"references":["aws_vpc_endpoint.transfer"]},"description":"The ID of VPC endpoint for Transfer"},"vpc_endpoint_transfer_network_interface_ids":{"expression":{"references":["aws_vpc_endpoint.transfer"]},"description":"One or more network interfaces for the VPC Endpoint for Transfer."},"vpc_endpoint_transferserver_dns_entry":{"expression":{"references":["aws_vpc_endpoint.transferserver"]},"description":"The DNS entries for the VPC Endpoint for transferserver."},"vpc_endpoint_transferserver_id":{"expression":{"references":["aws_vpc_endpoint.transferserver"]},"description":"The ID of VPC endpoint for transferserver"},"vpc_endpoint_transferserver_network_interface_ids":{"expression":{"references":["aws_vpc_endpoint.transferserver"]},"description":"One or more network interfaces for the VPC Endpoint for transferserver"},"vpc_id":{"expression":{"references":["aws_vpc.this"]},"description":"The ID of the VPC"},"vpc_instance_tenancy":{"expression":{"references":["aws_vpc.this"]},"description":"Tenancy of instances spin up within VPC"},"vpc_ipv6_association_id":{"expression":{"references":["aws_vpc.this"]},"description":"The association ID for the IPv6 CIDR block"},"vpc_ipv6_cidr_block":{"expression":{"references":["aws_vpc.this"]},"description":"The IPv6 CIDR block"},"vpc_main_route_table_id":{"expression":{"references":["aws_vpc.this"]},"description":"The ID of the main route table associated with this VPC"},"vpc_secondary_cidr_blocks":{"expression":{"references":["aws_vpc_ipv4_cidr_block_association.this"]},"description":"List of secondary CIDR blocks of the VPC"}},"resources":[{"address":"aws_db_subnet_group.database","mode":"managed","type":"aws_db_subnet_group","name":"database","provider_config_key":"aws","expressions":{"description":{"references":["var.name"]},"name":{"references":["var.name"]},"subnet_ids":{"references":["aws_subnet.database"]},"tags":{"references":["var.name","var.tags","var.database_subnet_group_tags"]}},"schema_version":0,"count_expression":{"references":["var.create_vpc","var.database_subnets","var.create_database_subnet_group"]}},{"address":"aws_default_network_acl.this","mode":"managed","type":"aws_default_network_acl","name":"this","provider_config_key":"aws","expressions":{"default_network_acl_id":{"references":["aws_vpc.this"]},"tags":{"references":["var.default_network_acl_name","var.tags","var.default_network_acl_tags"]}},"schema_version":0,"count_expression":{"references":["var.create_vpc","var.manage_default_network_acl"]}},{"address":"aws_default_vpc.this","mode":"managed","type":"aws_default_vpc","name":"this","provider_config_key":"aws","expressions":{"enable_classiclink":{"references":["var.default_vpc_enable_classiclink"]},"enable_dns_hostnames":{"references":["var.default_vpc_enable_dns_hostnames"]},"enable_dns_support":{"references":["var.default_vpc_enable_dns_support"]},"tags":{"references":["var.default_vpc_name","var.tags","var.default_vpc_tags"]}},"schema_version":1,"count_expression":{"references":["var.manage_default_vpc"]}},{"address":"aws_egress_only_internet_gateway.this","mode":"managed","type":"aws_egress_only_internet_gateway","name":"this","provider_config_key":"aws","expressions":{"vpc_id":{"references":["local.vpc_id"]}},"schema_version":0,"count_expression":{"references":["var.create_vpc","var.enable_ipv6","local.max_subnet_length"]}},{"address":"aws_eip.nat","mode":"managed","type":"aws_eip","name":"nat","provider_config_key":"aws","expressions":{"tags":{"references":["var.name","var.azs","var.single_nat_gateway","count.index","var.tags","var.nat_eip_tags"]},"vpc":{"constant_value":true}},"schema_version":0,"count_expression":{"references":["var.create_vpc","var.enable_nat_gateway","var.reuse_nat_ips","local.nat_gateway_count"]}},{"address":"aws_elasticache_subnet_group.elasticache","mode":"managed","type":"aws_elasticache_subnet_group","name":"elasticache","provider_config_key":"aws","expressions":{"description":{"references":["var.name"]},"name":{"references":["var.name"]},"subnet_ids":{"references":["aws_subnet.elasticache"]}},"schema_version":0,"count_expression":{"references":["var.create_vpc","var.elasticache_subnets","var.create_elasticache_subnet_group"]}},{"address":"aws_internet_gateway.this","mode":"managed","type":"aws_internet_gateway","name":"this","provider_config_key":"aws","expressions":{"tags":{"references":["var.name","var.tags","var.igw_tags"]},"vpc_id":{"references":["local.vpc_id"]}},"schema_version":0,"count_expression":{"references":["var.create_vpc","var.public_subnets"]}},{"address":"aws_nat_gateway.this","mode":"managed","type":"aws_nat_gateway","name":"this","provider_config_key":"aws","expressions":{"allocation_id":{"references":["local.nat_gateway_ips","var.single_nat_gateway","count.index"]},"subnet_id":{"references":["aws_subnet.public","var.single_nat_gateway","count.index"]},"tags":{"references":["var.name","var.azs","var.single_nat_gateway","count.index","var.tags","var.nat_gateway_tags"]}},"schema_version":0,"count_expression":{"references":["var.create_vpc","var.enable_nat_gateway","local.nat_gateway_count"]},"depends_on":["aws_internet_gateway.this"]},{"address":"aws_network_acl.database","mode":"managed","type":"aws_network_acl","name":"database","provider_config_key":"aws","expressions":{"subnet_ids":{"references":["aws_subnet.database"]},"tags":{"references":["var.database_subnet_suffix","var.name","var.tags","var.database_acl_tags"]},"vpc_id":{"references":["aws_vpc.this"]}},"schema_version":0,"count_expression":{"references":["var.create_vpc","var.database_dedicated_network_acl","var.database_subnets"]}},{"address":"aws_network_acl.elasticache","mode":"managed","type":"aws_network_acl","name":"elasticache","provider_config_key":"aws","expressions":{"subnet_ids":{"references":["aws_subnet.elasticache"]},"tags":{"references":["var.elasticache_subnet_suffix","var.name","var.tags","var.elasticache_acl_tags"]},"vpc_id":{"references":["aws_vpc.this"]}},"schema_version":0,"count_expression":{"references":["var.create_vpc","var.elasticache_dedicated_network_acl","var.elasticache_subnets"]}},{"address":"aws_network_acl.intra","mode":"managed","type":"aws_network_acl","name":"intra","provider_config_key":"aws","expressions":{"subnet_ids":{"references":["aws_subnet.intra"]},"tags":{"references":["var.intra_subnet_suffix","var.name","var.tags","var.intra_acl_tags"]},"vpc_id":{"references":["aws_vpc.this"]}},"schema_version":0,"count_expression":{"references":["var.create_vpc","var.intra_dedicated_network_acl","var.intra_subnets"]}},{"address":"aws_network_acl.private","mode":"managed","type":"aws_network_acl","name":"private","provider_config_key":"aws","expressions":{"subnet_ids":{"references":["aws_subnet.private"]},"tags":{"references":["var.private_subnet_suffix","var.name","var.tags","var.private_acl_tags"]},"vpc_id":{"references":["aws_vpc.this"]}},"schema_version":0,"count_expression":{"references":["var.create_vpc","var.private_dedicated_network_acl","var.private_subnets"]}},{"address":"aws_network_acl.public","mode":"managed","type":"aws_network_acl","name":"public","provider_config_key":"aws","expressions":{"subnet_ids":{"references":["aws_subnet.public"]},"tags":{"references":["var.public_subnet_suffix","var.name","var.tags","var.public_acl_tags"]},"vpc_id":{"references":["aws_vpc.this"]}},"schema_version":0,"count_expression":{"references":["var.create_vpc","var.public_dedicated_network_acl","var.public_subnets"]}},{"address":"aws_network_acl.redshift","mode":"managed","type":"aws_network_acl","name":"redshift","provider_config_key":"aws","expressions":{"subnet_ids":{"references":["aws_subnet.redshift"]},"tags":{"references":["var.redshift_subnet_suffix","var.name","var.tags","var.redshift_acl_tags"]},"vpc_id":{"references":["aws_vpc.this"]}},"schema_version":0,"count_expression":{"references":["var.create_vpc","var.redshift_dedicated_network_acl","var.redshift_subnets"]}},{"address":"aws_network_acl_rule.database_inbound","mode":"managed","type":"aws_network_acl_rule","name":"database_inbound","provider_config_key":"aws","expressions":{"cidr_block":{"references":["var.database_inbound_acl_rules","count.index"]},"egress":{"constant_value":false},"from_port":{"references":["var.database_inbound_acl_rules","count.index"]},"icmp_code":{"references":["var.database_inbound_acl_rules","count.index"]},"icmp_type":{"references":["var.database_inbound_acl_rules","count.index"]},"ipv6_cidr_block":{"references":["var.database_inbound_acl_rules","count.index"]},"network_acl_id":{"references":["aws_network_acl.database[0].id","aws_network_acl.database[0]","aws_network_acl.database"]},"protocol":{"references":["var.database_inbound_acl_rules","count.index"]},"rule_action":{"references":["var.database_inbound_acl_rules","count.index"]},"rule_number":{"references":["var.database_inbound_acl_rules","count.index"]},"to_port":{"references":["var.database_inbound_acl_rules","count.index"]}},"schema_version":0,"count_expression":{"references":["var.create_vpc","var.database_dedicated_network_acl","var.database_subnets","var.database_inbound_acl_rules"]}},{"address":"aws_network_acl_rule.database_outbound","mode":"managed","type":"aws_network_acl_rule","name":"database_outbound","provider_config_key":"aws","expressions":{"cidr_block":{"references":["var.database_outbound_acl_rules","count.index"]},"egress":{"constant_value":true},"from_port":{"references":["var.database_outbound_acl_rules","count.index"]},"icmp_code":{"references":["var.database_outbound_acl_rules","count.index"]},"icmp_type":{"references":["var.database_outbound_acl_rules","count.index"]},"ipv6_cidr_block":{"references":["var.database_outbound_acl_rules","count.index"]},"network_acl_id":{"references":["aws_network_acl.database[0].id","aws_network_acl.database[0]","aws_network_acl.database"]},"protocol":{"references":["var.database_outbound_acl_rules","count.index"]},"rule_action":{"references":["var.database_outbound_acl_rules","count.index"]},"rule_number":{"references":["var.database_outbound_acl_rules","count.index"]},"to_port":{"references":["var.database_outbound_acl_rules","count.index"]}},"schema_version":0,"count_expression":{"references":["var.create_vpc","var.database_dedicated_network_acl","var.database_subnets","var.database_outbound_acl_rules"]}},{"address":"aws_network_acl_rule.elasticache_inbound","mode":"managed","type":"aws_network_acl_rule","name":"elasticache_inbound","provider_config_key":"aws","expressions":{"cidr_block":{"references":["var.elasticache_inbound_acl_rules","count.index"]},"egress":{"constant_value":false},"from_port":{"references":["var.elasticache_inbound_acl_rules","count.index"]},"icmp_code":{"references":["var.elasticache_inbound_acl_rules","count.index"]},"icmp_type":{"references":["var.elasticache_inbound_acl_rules","count.index"]},"ipv6_cidr_block":{"references":["var.elasticache_inbound_acl_rules","count.index"]},"network_acl_id":{"references":["aws_network_acl.elasticache[0].id","aws_network_acl.elasticache[0]","aws_network_acl.elasticache"]},"protocol":{"references":["var.elasticache_inbound_acl_rules","count.index"]},"rule_action":{"references":["var.elasticache_inbound_acl_rules","count.index"]},"rule_number":{"references":["var.elasticache_inbound_acl_rules","count.index"]},"to_port":{"references":["var.elasticache_inbound_acl_rules","count.index"]}},"schema_version":0,"count_expression":{"references":["var.create_vpc","var.elasticache_dedicated_network_acl","var.elasticache_subnets","var.elasticache_inbound_acl_rules"]}},{"address":"aws_network_acl_rule.elasticache_outbound","mode":"managed","type":"aws_network_acl_rule","name":"elasticache_outbound","provider_config_key":"aws","expressions":{"cidr_block":{"references":["var.elasticache_outbound_acl_rules","count.index"]},"egress":{"constant_value":true},"from_port":{"references":["var.elasticache_outbound_acl_rules","count.index"]},"icmp_code":{"references":["var.elasticache_outbound_acl_rules","count.index"]},"icmp_type":{"references":["var.elasticache_outbound_acl_rules","count.index"]},"ipv6_cidr_block":{"references":["var.elasticache_outbound_acl_rules","count.index"]},"network_acl_id":{"references":["aws_network_acl.elasticache[0].id","aws_network_acl.elasticache[0]","aws_network_acl.elasticache"]},"protocol":{"references":["var.elasticache_outbound_acl_rules","count.index"]},"rule_action":{"references":["var.elasticache_outbound_acl_rules","count.index"]},"rule_number":{"references":["var.elasticache_outbound_acl_rules","count.index"]},"to_port":{"references":["var.elasticache_outbound_acl_rules","count.index"]}},"schema_version":0,"count_expression":{"references":["var.create_vpc","var.elasticache_dedicated_network_acl","var.elasticache_subnets","var.elasticache_outbound_acl_rules"]}},{"address":"aws_network_acl_rule.intra_inbound","mode":"managed","type":"aws_network_acl_rule","name":"intra_inbound","provider_config_key":"aws","expressions":{"cidr_block":{"references":["var.intra_inbound_acl_rules","count.index"]},"egress":{"constant_value":false},"from_port":{"references":["var.intra_inbound_acl_rules","count.index"]},"icmp_code":{"references":["var.intra_inbound_acl_rules","count.index"]},"icmp_type":{"references":["var.intra_inbound_acl_rules","count.index"]},"ipv6_cidr_block":{"references":["var.intra_inbound_acl_rules","count.index"]},"network_acl_id":{"references":["aws_network_acl.intra[0].id","aws_network_acl.intra[0]","aws_network_acl.intra"]},"protocol":{"references":["var.intra_inbound_acl_rules","count.index"]},"rule_action":{"references":["var.intra_inbound_acl_rules","count.index"]},"rule_number":{"references":["var.intra_inbound_acl_rules","count.index"]},"to_port":{"references":["var.intra_inbound_acl_rules","count.index"]}},"schema_version":0,"count_expression":{"references":["var.create_vpc","var.intra_dedicated_network_acl","var.intra_subnets","var.intra_inbound_acl_rules"]}},{"address":"aws_network_acl_rule.intra_outbound","mode":"managed","type":"aws_network_acl_rule","name":"intra_outbound","provider_config_key":"aws","expressions":{"cidr_block":{"references":["var.intra_outbound_acl_rules","count.index"]},"egress":{"constant_value":true},"from_port":{"references":["var.intra_outbound_acl_rules","count.index"]},"icmp_code":{"references":["var.intra_outbound_acl_rules","count.index"]},"icmp_type":{"references":["var.intra_outbound_acl_rules","count.index"]},"ipv6_cidr_block":{"references":["var.intra_outbound_acl_rules","count.index"]},"network_acl_id":{"references":["aws_network_acl.intra[0].id","aws_network_acl.intra[0]","aws_network_acl.intra"]},"protocol":{"references":["var.intra_outbound_acl_rules","count.index"]},"rule_action":{"references":["var.intra_outbound_acl_rules","count.index"]},"rule_number":{"references":["var.intra_outbound_acl_rules","count.index"]},"to_port":{"references":["var.intra_outbound_acl_rules","count.index"]}},"schema_version":0,"count_expression":{"references":["var.create_vpc","var.intra_dedicated_network_acl","var.intra_subnets","var.intra_outbound_acl_rules"]}},{"address":"aws_network_acl_rule.private_inbound","mode":"managed","type":"aws_network_acl_rule","name":"private_inbound","provider_config_key":"aws","expressions":{"cidr_block":{"references":["var.private_inbound_acl_rules","count.index"]},"egress":{"constant_value":false},"from_port":{"references":["var.private_inbound_acl_rules","count.index"]},"icmp_code":{"references":["var.private_inbound_acl_rules","count.index"]},"icmp_type":{"references":["var.private_inbound_acl_rules","count.index"]},"ipv6_cidr_block":{"references":["var.private_inbound_acl_rules","count.index"]},"network_acl_id":{"references":["aws_network_acl.private[0].id","aws_network_acl.private[0]","aws_network_acl.private"]},"protocol":{"references":["var.private_inbound_acl_rules","count.index"]},"rule_action":{"references":["var.private_inbound_acl_rules","count.index"]},"rule_number":{"references":["var.private_inbound_acl_rules","count.index"]},"to_port":{"references":["var.private_inbound_acl_rules","count.index"]}},"schema_version":0,"count_expression":{"references":["var.create_vpc","var.private_dedicated_network_acl","var.private_subnets","var.private_inbound_acl_rules"]}},{"address":"aws_network_acl_rule.private_outbound","mode":"managed","type":"aws_network_acl_rule","name":"private_outbound","provider_config_key":"aws","expressions":{"cidr_block":{"references":["var.private_outbound_acl_rules","count.index"]},"egress":{"constant_value":true},"from_port":{"references":["var.private_outbound_acl_rules","count.index"]},"icmp_code":{"references":["var.private_outbound_acl_rules","count.index"]},"icmp_type":{"references":["var.private_outbound_acl_rules","count.index"]},"ipv6_cidr_block":{"references":["var.private_outbound_acl_rules","count.index"]},"network_acl_id":{"references":["aws_network_acl.private[0].id","aws_network_acl.private[0]","aws_network_acl.private"]},"protocol":{"references":["var.private_outbound_acl_rules","count.index"]},"rule_action":{"references":["var.private_outbound_acl_rules","count.index"]},"rule_number":{"references":["var.private_outbound_acl_rules","count.index"]},"to_port":{"references":["var.private_outbound_acl_rules","count.index"]}},"schema_version":0,"count_expression":{"references":["var.create_vpc","var.private_dedicated_network_acl","var.private_subnets","var.private_outbound_acl_rules"]}},{"address":"aws_network_acl_rule.public_inbound","mode":"managed","type":"aws_network_acl_rule","name":"public_inbound","provider_config_key":"aws","expressions":{"cidr_block":{"references":["var.public_inbound_acl_rules","count.index"]},"egress":{"constant_value":false},"from_port":{"references":["var.public_inbound_acl_rules","count.index"]},"icmp_code":{"references":["var.public_inbound_acl_rules","count.index"]},"icmp_type":{"references":["var.public_inbound_acl_rules","count.index"]},"ipv6_cidr_block":{"references":["var.public_inbound_acl_rules","count.index"]},"network_acl_id":{"references":["aws_network_acl.public[0].id","aws_network_acl.public[0]","aws_network_acl.public"]},"protocol":{"references":["var.public_inbound_acl_rules","count.index"]},"rule_action":{"references":["var.public_inbound_acl_rules","count.index"]},"rule_number":{"references":["var.public_inbound_acl_rules","count.index"]},"to_port":{"references":["var.public_inbound_acl_rules","count.index"]}},"schema_version":0,"count_expression":{"references":["var.create_vpc","var.public_dedicated_network_acl","var.public_subnets","var.public_inbound_acl_rules"]}},{"address":"aws_network_acl_rule.public_outbound","mode":"managed","type":"aws_network_acl_rule","name":"public_outbound","provider_config_key":"aws","expressions":{"cidr_block":{"references":["var.public_outbound_acl_rules","count.index"]},"egress":{"constant_value":true},"from_port":{"references":["var.public_outbound_acl_rules","count.index"]},"icmp_code":{"references":["var.public_outbound_acl_rules","count.index"]},"icmp_type":{"references":["var.public_outbound_acl_rules","count.index"]},"ipv6_cidr_block":{"references":["var.public_outbound_acl_rules","count.index"]},"network_acl_id":{"references":["aws_network_acl.public[0].id","aws_network_acl.public[0]","aws_network_acl.public"]},"protocol":{"references":["var.public_outbound_acl_rules","count.index"]},"rule_action":{"references":["var.public_outbound_acl_rules","count.index"]},"rule_number":{"references":["var.public_outbound_acl_rules","count.index"]},"to_port":{"references":["var.public_outbound_acl_rules","count.index"]}},"schema_version":0,"count_expression":{"references":["var.create_vpc","var.public_dedicated_network_acl","var.public_subnets","var.public_outbound_acl_rules"]}},{"address":"aws_network_acl_rule.redshift_inbound","mode":"managed","type":"aws_network_acl_rule","name":"redshift_inbound","provider_config_key":"aws","expressions":{"cidr_block":{"references":["var.redshift_inbound_acl_rules","count.index"]},"egress":{"constant_value":false},"from_port":{"references":["var.redshift_inbound_acl_rules","count.index"]},"icmp_code":{"references":["var.redshift_inbound_acl_rules","count.index"]},"icmp_type":{"references":["var.redshift_inbound_acl_rules","count.index"]},"ipv6_cidr_block":{"references":["var.redshift_inbound_acl_rules","count.index"]},"network_acl_id":{"references":["aws_network_acl.redshift[0].id","aws_network_acl.redshift[0]","aws_network_acl.redshift"]},"protocol":{"references":["var.redshift_inbound_acl_rules","count.index"]},"rule_action":{"references":["var.redshift_inbound_acl_rules","count.index"]},"rule_number":{"references":["var.redshift_inbound_acl_rules","count.index"]},"to_port":{"references":["var.redshift_inbound_acl_rules","count.index"]}},"schema_version":0,"count_expression":{"references":["var.create_vpc","var.redshift_dedicated_network_acl","var.redshift_subnets","var.redshift_inbound_acl_rules"]}},{"address":"aws_network_acl_rule.redshift_outbound","mode":"managed","type":"aws_network_acl_rule","name":"redshift_outbound","provider_config_key":"aws","expressions":{"cidr_block":{"references":["var.redshift_outbound_acl_rules","count.index"]},"egress":{"constant_value":true},"from_port":{"references":["var.redshift_outbound_acl_rules","count.index"]},"icmp_code":{"references":["var.redshift_outbound_acl_rules","count.index"]},"icmp_type":{"references":["var.redshift_outbound_acl_rules","count.index"]},"ipv6_cidr_block":{"references":["var.redshift_outbound_acl_rules","count.index"]},"network_acl_id":{"references":["aws_network_acl.redshift[0].id","aws_network_acl.redshift[0]","aws_network_acl.redshift"]},"protocol":{"references":["var.redshift_outbound_acl_rules","count.index"]},"rule_action":{"references":["var.redshift_outbound_acl_rules","count.index"]},"rule_number":{"references":["var.redshift_outbound_acl_rules","count.index"]},"to_port":{"references":["var.redshift_outbound_acl_rules","count.index"]}},"schema_version":0,"count_expression":{"references":["var.create_vpc","var.redshift_dedicated_network_acl","var.redshift_subnets","var.redshift_outbound_acl_rules"]}},{"address":"aws_redshift_subnet_group.redshift","mode":"managed","type":"aws_redshift_subnet_group","name":"redshift","provider_config_key":"aws","expressions":{"description":{"references":["var.name"]},"name":{"references":["var.name"]},"subnet_ids":{"references":["aws_subnet.redshift"]},"tags":{"references":["var.name","var.tags","var.redshift_subnet_group_tags"]}},"schema_version":0,"count_expression":{"references":["var.create_vpc","var.redshift_subnets","var.create_redshift_subnet_group"]}},{"address":"aws_route.database_internet_gateway","mode":"managed","type":"aws_route","name":"database_internet_gateway","provider_config_key":"aws","expressions":{"destination_cidr_block":{"constant_value":"0.0.0.0/0"},"gateway_id":{"references":["aws_internet_gateway.this[0].id","aws_internet_gateway.this[0]","aws_internet_gateway.this"]},"route_table_id":{"references":["aws_route_table.database[0].id","aws_route_table.database[0]","aws_route_table.database"]},"timeouts":{"create":{"constant_value":"5m"}}},"schema_version":0,"count_expression":{"references":["var.create_vpc","var.create_database_subnet_route_table","var.database_subnets","var.create_database_internet_gateway_route","var.create_database_nat_gateway_route"]}},{"address":"aws_route.database_ipv6_egress","mode":"managed","type":"aws_route","name":"database_ipv6_egress","provider_config_key":"aws","expressions":{"destination_ipv6_cidr_block":{"constant_value":"::/0"},"egress_only_gateway_id":{"references":["aws_egress_only_internet_gateway.this[0].id","aws_egress_only_internet_gateway.this[0]","aws_egress_only_internet_gateway.this"]},"route_table_id":{"references":["aws_route_table.database[0].id","aws_route_table.database[0]","aws_route_table.database"]},"timeouts":{"create":{"constant_value":"5m"}}},"schema_version":0,"count_expression":{"references":["var.create_vpc","var.enable_ipv6","var.create_database_subnet_route_table","var.database_subnets","var.create_database_internet_gateway_route"]}},{"address":"aws_route.database_nat_gateway","mode":"managed","type":"aws_route","name":"database_nat_gateway","provider_config_key":"aws","expressions":{"destination_cidr_block":{"constant_value":"0.0.0.0/0"},"nat_gateway_id":{"references":["aws_nat_gateway.this","count.index"]},"route_table_id":{"references":["aws_route_table.private","count.index"]},"timeouts":{"create":{"constant_value":"5m"}}},"schema_version":0,"count_expression":{"references":["var.create_vpc","var.create_database_subnet_route_table","var.database_subnets","var.create_database_internet_gateway_route","var.create_database_nat_gateway_route","var.enable_nat_gateway","local.nat_gateway_count"]}},{"address":"aws_route.private_ipv6_egress","mode":"managed","type":"aws_route","name":"private_ipv6_egress","provider_config_key":"aws","expressions":{"destination_ipv6_cidr_block":{"constant_value":"::/0"},"egress_only_gateway_id":{"references":["aws_egress_only_internet_gateway.this"]},"route_table_id":{"references":["aws_route_table.private","count.index"]}},"schema_version":0,"count_expression":{"references":["var.enable_ipv6","var.private_subnets"]}},{"address":"aws_route.private_nat_gateway","mode":"managed","type":"aws_route","name":"private_nat_gateway","provider_config_key":"aws","expressions":{"destination_cidr_block":{"constant_value":"0.0.0.0/0"},"nat_gateway_id":{"references":["aws_nat_gateway.this","count.index"]},"route_table_id":{"references":["aws_route_table.private","count.index"]},"timeouts":{"create":{"constant_value":"5m"}}},"schema_version":0,"count_expression":{"references":["var.create_vpc","var.enable_nat_gateway","local.nat_gateway_count"]}},{"address":"aws_route.public_internet_gateway","mode":"managed","type":"aws_route","name":"public_internet_gateway","provider_config_key":"aws","expressions":{"destination_cidr_block":{"constant_value":"0.0.0.0/0"},"gateway_id":{"references":["aws_internet_gateway.this[0].id","aws_internet_gateway.this[0]","aws_internet_gateway.this"]},"route_table_id":{"references":["aws_route_table.public[0].id","aws_route_table.public[0]","aws_route_table.public"]},"timeouts":{"create":{"constant_value":"5m"}}},"schema_version":0,"count_expression":{"references":["var.create_vpc","var.public_subnets"]}},{"address":"aws_route.public_internet_gateway_ipv6","mode":"managed","type":"aws_route","name":"public_internet_gateway_ipv6","provider_config_key":"aws","expressions":{"destination_ipv6_cidr_block":{"constant_value":"::/0"},"gateway_id":{"references":["aws_internet_gateway.this[0].id","aws_internet_gateway.this[0]","aws_internet_gateway.this"]},"route_table_id":{"references":["aws_route_table.public[0].id","aws_route_table.public[0]","aws_route_table.public"]}},"schema_version":0,"count_expression":{"references":["var.create_vpc","var.enable_ipv6","var.public_subnets"]}},{"address":"aws_route_table.database","mode":"managed","type":"aws_route_table","name":"database","provider_config_key":"aws","expressions":{"tags":{"references":["var.tags","var.database_route_table_tags","var.name","var.database_subnet_suffix"]},"vpc_id":{"references":["local.vpc_id"]}},"schema_version":0,"count_expression":{"references":["var.create_vpc","var.create_database_subnet_route_table","var.database_subnets"]}},{"address":"aws_route_table.elasticache","mode":"managed","type":"aws_route_table","name":"elasticache","provider_config_key":"aws","expressions":{"tags":{"references":["var.tags","var.elasticache_route_table_tags","var.name","var.elasticache_subnet_suffix"]},"vpc_id":{"references":["local.vpc_id"]}},"schema_version":0,"count_expression":{"references":["var.create_vpc","var.create_elasticache_subnet_route_table","var.elasticache_subnets"]}},{"address":"aws_route_table.intra","mode":"managed","type":"aws_route_table","name":"intra","provider_config_key":"aws","expressions":{"tags":{"references":["var.name","var.intra_subnet_suffix","var.tags","var.intra_route_table_tags"]},"vpc_id":{"references":["local.vpc_id"]}},"schema_version":0,"count_expression":{"references":["var.create_vpc","var.intra_subnets"]}},{"address":"aws_route_table.private","mode":"managed","type":"aws_route_table","name":"private","provider_config_key":"aws","expressions":{"tags":{"references":["var.single_nat_gateway","var.name","var.private_subnet_suffix","var.private_subnet_suffix","var.name","var.azs","count.index","var.tags","var.private_route_table_tags"]},"vpc_id":{"references":["local.vpc_id"]}},"schema_version":0,"count_expression":{"references":["var.create_vpc","local.max_subnet_length","local.nat_gateway_count"]}},{"address":"aws_route_table.public","mode":"managed","type":"aws_route_table","name":"public","provider_config_key":"aws","expressions":{"tags":{"references":["var.public_subnet_suffix","var.name","var.tags","var.public_route_table_tags"]},"vpc_id":{"references":["local.vpc_id"]}},"schema_version":0,"count_expression":{"references":["var.create_vpc","var.public_subnets"]}},{"address":"aws_route_table.redshift","mode":"managed","type":"aws_route_table","name":"redshift","provider_config_key":"aws","expressions":{"tags":{"references":["var.tags","var.redshift_route_table_tags","var.name","var.redshift_subnet_suffix"]},"vpc_id":{"references":["local.vpc_id"]}},"schema_version":0,"count_expression":{"references":["var.create_vpc","var.create_redshift_subnet_route_table","var.redshift_subnets"]}},{"address":"aws_route_table_association.database","mode":"managed","type":"aws_route_table_association","name":"database","provider_config_key":"aws","expressions":{"route_table_id":{"references":["aws_route_table.database","aws_route_table.private","var.single_nat_gateway","var.create_database_subnet_route_table","count.index"]},"subnet_id":{"references":["aws_subnet.database","count.index"]}},"schema_version":0,"count_expression":{"references":["var.create_vpc","var.database_subnets","var.database_subnets"]}},{"address":"aws_route_table_association.elasticache","mode":"managed","type":"aws_route_table_association","name":"elasticache","provider_config_key":"aws","expressions":{"route_table_id":{"references":["aws_route_table.elasticache","aws_route_table.private","var.single_nat_gateway","var.create_elasticache_subnet_route_table","count.index"]},"subnet_id":{"references":["aws_subnet.elasticache","count.index"]}},"schema_version":0,"count_expression":{"references":["var.create_vpc","var.elasticache_subnets","var.elasticache_subnets"]}},{"address":"aws_route_table_association.intra","mode":"managed","type":"aws_route_table_association","name":"intra","provider_config_key":"aws","expressions":{"route_table_id":{"references":["aws_route_table.intra"]},"subnet_id":{"references":["aws_subnet.intra","count.index"]}},"schema_version":0,"count_expression":{"references":["var.create_vpc","var.intra_subnets","var.intra_subnets"]}},{"address":"aws_route_table_association.private","mode":"managed","type":"aws_route_table_association","name":"private","provider_config_key":"aws","expressions":{"route_table_id":{"references":["aws_route_table.private","var.single_nat_gateway","count.index"]},"subnet_id":{"references":["aws_subnet.private","count.index"]}},"schema_version":0,"count_expression":{"references":["var.create_vpc","var.private_subnets","var.private_subnets"]}},{"address":"aws_route_table_association.public","mode":"managed","type":"aws_route_table_association","name":"public","provider_config_key":"aws","expressions":{"route_table_id":{"references":["aws_route_table.public[0].id","aws_route_table.public[0]","aws_route_table.public"]},"subnet_id":{"references":["aws_subnet.public","count.index"]}},"schema_version":0,"count_expression":{"references":["var.create_vpc","var.public_subnets","var.public_subnets"]}},{"address":"aws_route_table_association.redshift","mode":"managed","type":"aws_route_table_association","name":"redshift","provider_config_key":"aws","expressions":{"route_table_id":{"references":["aws_route_table.redshift","aws_route_table.private","var.single_nat_gateway","var.create_redshift_subnet_route_table","count.index"]},"subnet_id":{"references":["aws_subnet.redshift","count.index"]}},"schema_version":0,"count_expression":{"references":["var.create_vpc","var.redshift_subnets","var.enable_public_redshift","var.redshift_subnets"]}},{"address":"aws_route_table_association.redshift_public","mode":"managed","type":"aws_route_table_association","name":"redshift_public","provider_config_key":"aws","expressions":{"route_table_id":{"references":["aws_route_table.redshift","aws_route_table.public","var.single_nat_gateway","var.create_redshift_subnet_route_table","count.index"]},"subnet_id":{"references":["aws_subnet.redshift","count.index"]}},"schema_version":0,"count_expression":{"references":["var.create_vpc","var.redshift_subnets","var.enable_public_redshift","var.redshift_subnets"]}},{"address":"aws_subnet.database","mode":"managed","type":"aws_subnet","name":"database","provider_config_key":"aws","expressions":{"assign_ipv6_address_on_creation":{"references":["var.database_subnet_assign_ipv6_address_on_creation","var.assign_ipv6_address_on_creation","var.database_subnet_assign_ipv6_address_on_creation"]},"availability_zone":{"references":["var.azs","count.index"]},"cidr_block":{"references":["var.database_subnets","count.index"]},"ipv6_cidr_block":{"references":["var.enable_ipv6","var.database_subnet_ipv6_prefixes","aws_vpc.this[0].ipv6_cidr_block","aws_vpc.this[0]","aws_vpc.this","var.database_subnet_ipv6_prefixes","count.index"]},"tags":{"references":["var.database_subnet_suffix","var.name","var.azs","count.index","var.tags","var.database_subnet_tags"]},"vpc_id":{"references":["local.vpc_id"]}},"schema_version":1,"count_expression":{"references":["var.create_vpc","var.database_subnets","var.database_subnets"]}},{"address":"aws_subnet.elasticache","mode":"managed","type":"aws_subnet","name":"elasticache","provider_config_key":"aws","expressions":{"assign_ipv6_address_on_creation":{"references":["var.elasticache_subnet_assign_ipv6_address_on_creation","var.assign_ipv6_address_on_creation","var.elasticache_subnet_assign_ipv6_address_on_creation"]},"availability_zone":{"references":["var.azs","count.index"]},"cidr_block":{"references":["var.elasticache_subnets","count.index"]},"ipv6_cidr_block":{"references":["var.enable_ipv6","var.elasticache_subnet_ipv6_prefixes","aws_vpc.this[0].ipv6_cidr_block","aws_vpc.this[0]","aws_vpc.this","var.elasticache_subnet_ipv6_prefixes","count.index"]},"tags":{"references":["var.elasticache_subnet_suffix","var.name","var.azs","count.index","var.tags","var.elasticache_subnet_tags"]},"vpc_id":{"references":["local.vpc_id"]}},"schema_version":1,"count_expression":{"references":["var.create_vpc","var.elasticache_subnets","var.elasticache_subnets"]}},{"address":"aws_subnet.intra","mode":"managed","type":"aws_subnet","name":"intra","provider_config_key":"aws","expressions":{"assign_ipv6_address_on_creation":{"references":["var.intra_subnet_assign_ipv6_address_on_creation","var.assign_ipv6_address_on_creation","var.intra_subnet_assign_ipv6_address_on_creation"]},"availability_zone":{"references":["var.azs","count.index"]},"cidr_block":{"references":["var.intra_subnets","count.index"]},"ipv6_cidr_block":{"references":["var.enable_ipv6","var.intra_subnet_ipv6_prefixes","aws_vpc.this[0].ipv6_cidr_block","aws_vpc.this[0]","aws_vpc.this","var.intra_subnet_ipv6_prefixes","count.index"]},"tags":{"references":["var.intra_subnet_suffix","var.name","var.azs","count.index","var.tags","var.intra_subnet_tags"]},"vpc_id":{"references":["local.vpc_id"]}},"schema_version":1,"count_expression":{"references":["var.create_vpc","var.intra_subnets","var.intra_subnets"]}},{"address":"aws_subnet.private","mode":"managed","type":"aws_subnet","name":"private","provider_config_key":"aws","expressions":{"assign_ipv6_address_on_creation":{"references":["var.private_subnet_assign_ipv6_address_on_creation","var.assign_ipv6_address_on_creation","var.private_subnet_assign_ipv6_address_on_creation"]},"availability_zone":{"references":["var.azs","count.index"]},"cidr_block":{"references":["var.private_subnets","count.index"]},"ipv6_cidr_block":{"references":["var.enable_ipv6","var.private_subnet_ipv6_prefixes","aws_vpc.this[0].ipv6_cidr_block","aws_vpc.this[0]","aws_vpc.this","var.private_subnet_ipv6_prefixes","count.index"]},"tags":{"references":["var.private_subnet_suffix","var.name","var.azs","count.index","var.tags","var.private_subnet_tags"]},"vpc_id":{"references":["local.vpc_id"]}},"schema_version":1,"count_expression":{"references":["var.create_vpc","var.private_subnets","var.private_subnets"]}},{"address":"aws_subnet.public","mode":"managed","type":"aws_subnet","name":"public","provider_config_key":"aws","expressions":{"assign_ipv6_address_on_creation":{"references":["var.public_subnet_assign_ipv6_address_on_creation","var.assign_ipv6_address_on_creation","var.public_subnet_assign_ipv6_address_on_creation"]},"availability_zone":{"references":["var.azs","count.index"]},"cidr_block":{"references":["var.public_subnets","count.index"]},"ipv6_cidr_block":{"references":["var.enable_ipv6","var.public_subnet_ipv6_prefixes","aws_vpc.this[0].ipv6_cidr_block","aws_vpc.this[0]","aws_vpc.this","var.public_subnet_ipv6_prefixes","count.index"]},"map_public_ip_on_launch":{"references":["var.map_public_ip_on_launch"]},"tags":{"references":["var.public_subnet_suffix","var.name","var.azs","count.index","var.tags","var.public_subnet_tags"]},"vpc_id":{"references":["local.vpc_id"]}},"schema_version":1,"count_expression":{"references":["var.create_vpc","var.public_subnets","var.one_nat_gateway_per_az","var.public_subnets","var.azs","var.public_subnets"]}},{"address":"aws_subnet.redshift","mode":"managed","type":"aws_subnet","name":"redshift","provider_config_key":"aws","expressions":{"assign_ipv6_address_on_creation":{"references":["var.redshift_subnet_assign_ipv6_address_on_creation","var.assign_ipv6_address_on_creation","var.redshift_subnet_assign_ipv6_address_on_creation"]},"availability_zone":{"references":["var.azs","count.index"]},"cidr_block":{"references":["var.redshift_subnets","count.index"]},"ipv6_cidr_block":{"references":["var.enable_ipv6","var.redshift_subnet_ipv6_prefixes","aws_vpc.this[0].ipv6_cidr_block","aws_vpc.this[0]","aws_vpc.this","var.redshift_subnet_ipv6_prefixes","count.index"]},"tags":{"references":["var.redshift_subnet_suffix","var.name","var.azs","count.index","var.tags","var.redshift_subnet_tags"]},"vpc_id":{"references":["local.vpc_id"]}},"schema_version":1,"count_expression":{"references":["var.create_vpc","var.redshift_subnets","var.redshift_subnets"]}},{"address":"aws_vpc.this","mode":"managed","type":"aws_vpc","name":"this","provider_config_key":"aws","expressions":{"assign_generated_ipv6_cidr_block":{"references":["var.enable_ipv6"]},"cidr_block":{"references":["var.cidr"]},"enable_classiclink":{"references":["var.enable_classiclink"]},"enable_classiclink_dns_support":{"references":["var.enable_classiclink_dns_support"]},"enable_dns_hostnames":{"references":["var.enable_dns_hostnames"]},"enable_dns_support":{"references":["var.enable_dns_support"]},"instance_tenancy":{"references":["var.instance_tenancy"]},"tags":{"references":["var.name","var.tags","var.vpc_tags"]}},"schema_version":1,"count_expression":{"references":["var.create_vpc"]}},{"address":"aws_vpc_dhcp_options.this","mode":"managed","type":"aws_vpc_dhcp_options","name":"this","provider_config_key":"aws","expressions":{"domain_name":{"references":["var.dhcp_options_domain_name"]},"domain_name_servers":{"references":["var.dhcp_options_domain_name_servers"]},"netbios_name_servers":{"references":["var.dhcp_options_netbios_name_servers"]},"netbios_node_type":{"references":["var.dhcp_options_netbios_node_type"]},"ntp_servers":{"references":["var.dhcp_options_ntp_servers"]},"tags":{"references":["var.name","var.tags","var.dhcp_options_tags"]}},"schema_version":0,"count_expression":{"references":["var.create_vpc","var.enable_dhcp_options"]}},{"address":"aws_vpc_dhcp_options_association.this","mode":"managed","type":"aws_vpc_dhcp_options_association","name":"this","provider_config_key":"aws","expressions":{"dhcp_options_id":{"references":["aws_vpc_dhcp_options.this[0].id","aws_vpc_dhcp_options.this[0]","aws_vpc_dhcp_options.this"]},"vpc_id":{"references":["local.vpc_id"]}},"schema_version":0,"count_expression":{"references":["var.create_vpc","var.enable_dhcp_options"]}},{"address":"aws_vpc_endpoint.apigw","mode":"managed","type":"aws_vpc_endpoint","name":"apigw","provider_config_key":"aws","expressions":{"private_dns_enabled":{"references":["var.apigw_endpoint_private_dns_enabled"]},"security_group_ids":{"references":["var.apigw_endpoint_security_group_ids"]},"service_name":{"references":["data.aws_vpc_endpoint_service.apigw[0].service_name","data.aws_vpc_endpoint_service.apigw[0]","data.aws_vpc_endpoint_service.apigw"]},"subnet_ids":{"references":["var.apigw_endpoint_subnet_ids","aws_subnet.private"]},"tags":{"references":["local.vpce_tags"]},"vpc_endpoint_type":{"constant_value":"Interface"},"vpc_id":{"references":["local.vpc_id"]}},"schema_version":0,"count_expression":{"references":["var.create_vpc","var.enable_apigw_endpoint"]}},{"address":"aws_vpc_endpoint.appmesh_envoy_management","mode":"managed","type":"aws_vpc_endpoint","name":"appmesh_envoy_management","provider_config_key":"aws","expressions":{"private_dns_enabled":{"references":["var.appmesh_envoy_management_endpoint_private_dns_enabled"]},"security_group_ids":{"references":["var.appmesh_envoy_management_endpoint_security_group_ids"]},"service_name":{"references":["data.aws_vpc_endpoint_service.appmesh_envoy_management[0].service_name","data.aws_vpc_endpoint_service.appmesh_envoy_management[0]","data.aws_vpc_endpoint_service.appmesh_envoy_management"]},"subnet_ids":{"references":["var.appmesh_envoy_management_endpoint_subnet_ids","aws_subnet.private"]},"tags":{"references":["local.vpce_tags"]},"vpc_endpoint_type":{"constant_value":"Interface"},"vpc_id":{"references":["local.vpc_id"]}},"schema_version":0,"count_expression":{"references":["var.create_vpc","var.enable_appmesh_envoy_management_endpoint"]}},{"address":"aws_vpc_endpoint.appstream","mode":"managed","type":"aws_vpc_endpoint","name":"appstream","provider_config_key":"aws","expressions":{"private_dns_enabled":{"references":["var.appstream_endpoint_private_dns_enabled"]},"security_group_ids":{"references":["var.appstream_endpoint_security_group_ids"]},"service_name":{"references":["data.aws_vpc_endpoint_service.appstream[0].service_name","data.aws_vpc_endpoint_service.appstream[0]","data.aws_vpc_endpoint_service.appstream"]},"subnet_ids":{"references":["var.appstream_endpoint_subnet_ids","aws_subnet.private"]},"tags":{"references":["local.vpce_tags"]},"vpc_endpoint_type":{"constant_value":"Interface"},"vpc_id":{"references":["local.vpc_id"]}},"schema_version":0,"count_expression":{"references":["var.create_vpc","var.enable_appstream_endpoint"]}},{"address":"aws_vpc_endpoint.athena","mode":"managed","type":"aws_vpc_endpoint","name":"athena","provider_config_key":"aws","expressions":{"private_dns_enabled":{"references":["var.athena_endpoint_private_dns_enabled"]},"security_group_ids":{"references":["var.athena_endpoint_security_group_ids"]},"service_name":{"references":["data.aws_vpc_endpoint_service.athena[0].service_name","data.aws_vpc_endpoint_service.athena[0]","data.aws_vpc_endpoint_service.athena"]},"subnet_ids":{"references":["var.athena_endpoint_subnet_ids","aws_subnet.private"]},"tags":{"references":["local.vpce_tags"]},"vpc_endpoint_type":{"constant_value":"Interface"},"vpc_id":{"references":["local.vpc_id"]}},"schema_version":0,"count_expression":{"references":["var.create_vpc","var.enable_athena_endpoint"]}},{"address":"aws_vpc_endpoint.cloudformation","mode":"managed","type":"aws_vpc_endpoint","name":"cloudformation","provider_config_key":"aws","expressions":{"private_dns_enabled":{"references":["var.cloudformation_endpoint_private_dns_enabled"]},"security_group_ids":{"references":["var.cloudformation_endpoint_security_group_ids"]},"service_name":{"references":["data.aws_vpc_endpoint_service.cloudformation[0].service_name","data.aws_vpc_endpoint_service.cloudformation[0]","data.aws_vpc_endpoint_service.cloudformation"]},"subnet_ids":{"references":["var.cloudformation_endpoint_subnet_ids","aws_subnet.private"]},"tags":{"references":["local.vpce_tags"]},"vpc_endpoint_type":{"constant_value":"Interface"},"vpc_id":{"references":["local.vpc_id"]}},"schema_version":0,"count_expression":{"references":["var.create_vpc","var.enable_cloudformation_endpoint"]}},{"address":"aws_vpc_endpoint.cloudtrail","mode":"managed","type":"aws_vpc_endpoint","name":"cloudtrail","provider_config_key":"aws","expressions":{"private_dns_enabled":{"references":["var.cloudtrail_endpoint_private_dns_enabled"]},"security_group_ids":{"references":["var.cloudtrail_endpoint_security_group_ids"]},"service_name":{"references":["data.aws_vpc_endpoint_service.cloudtrail[0].service_name","data.aws_vpc_endpoint_service.cloudtrail[0]","data.aws_vpc_endpoint_service.cloudtrail"]},"subnet_ids":{"references":["var.cloudtrail_endpoint_subnet_ids","aws_subnet.private"]},"tags":{"references":["local.vpce_tags"]},"vpc_endpoint_type":{"constant_value":"Interface"},"vpc_id":{"references":["local.vpc_id"]}},"schema_version":0,"count_expression":{"references":["var.create_vpc","var.enable_cloudtrail_endpoint"]}},{"address":"aws_vpc_endpoint.codebuild","mode":"managed","type":"aws_vpc_endpoint","name":"codebuild","provider_config_key":"aws","expressions":{"private_dns_enabled":{"references":["var.codebuild_endpoint_private_dns_enabled"]},"security_group_ids":{"references":["var.codebuild_endpoint_security_group_ids"]},"service_name":{"references":["data.aws_vpc_endpoint_service.codebuild[0].service_name","data.aws_vpc_endpoint_service.codebuild[0]","data.aws_vpc_endpoint_service.codebuild"]},"subnet_ids":{"references":["var.codebuild_endpoint_subnet_ids","aws_subnet.private"]},"tags":{"references":["local.vpce_tags"]},"vpc_endpoint_type":{"constant_value":"Interface"},"vpc_id":{"references":["local.vpc_id"]}},"schema_version":0,"count_expression":{"references":["var.create_vpc","var.enable_codebuild_endpoint"]}},{"address":"aws_vpc_endpoint.codecommit","mode":"managed","type":"aws_vpc_endpoint","name":"codecommit","provider_config_key":"aws","expressions":{"private_dns_enabled":{"references":["var.codecommit_endpoint_private_dns_enabled"]},"security_group_ids":{"references":["var.codecommit_endpoint_security_group_ids"]},"service_name":{"references":["data.aws_vpc_endpoint_service.codecommit[0].service_name","data.aws_vpc_endpoint_service.codecommit[0]","data.aws_vpc_endpoint_service.codecommit"]},"subnet_ids":{"references":["var.codecommit_endpoint_subnet_ids","aws_subnet.private"]},"tags":{"references":["local.vpce_tags"]},"vpc_endpoint_type":{"constant_value":"Interface"},"vpc_id":{"references":["local.vpc_id"]}},"schema_version":0,"count_expression":{"references":["var.create_vpc","var.enable_codecommit_endpoint"]}},{"address":"aws_vpc_endpoint.codepipeline","mode":"managed","type":"aws_vpc_endpoint","name":"codepipeline","provider_config_key":"aws","expressions":{"private_dns_enabled":{"references":["var.codepipeline_endpoint_private_dns_enabled"]},"security_group_ids":{"references":["var.codepipeline_endpoint_security_group_ids"]},"service_name":{"references":["data.aws_vpc_endpoint_service.codepipeline[0].service_name","data.aws_vpc_endpoint_service.codepipeline[0]","data.aws_vpc_endpoint_service.codepipeline"]},"subnet_ids":{"references":["var.codepipeline_endpoint_subnet_ids","aws_subnet.private"]},"tags":{"references":["local.vpce_tags"]},"vpc_endpoint_type":{"constant_value":"Interface"},"vpc_id":{"references":["local.vpc_id"]}},"schema_version":0,"count_expression":{"references":["var.create_vpc","var.enable_codepipeline_endpoint"]}},{"address":"aws_vpc_endpoint.config","mode":"managed","type":"aws_vpc_endpoint","name":"config","provider_config_key":"aws","expressions":{"private_dns_enabled":{"references":["var.config_endpoint_private_dns_enabled"]},"security_group_ids":{"references":["var.config_endpoint_security_group_ids"]},"service_name":{"references":["data.aws_vpc_endpoint_service.config[0].service_name","data.aws_vpc_endpoint_service.config[0]","data.aws_vpc_endpoint_service.config"]},"subnet_ids":{"references":["var.config_endpoint_subnet_ids","aws_subnet.private"]},"tags":{"references":["local.vpce_tags"]},"vpc_endpoint_type":{"constant_value":"Interface"},"vpc_id":{"references":["local.vpc_id"]}},"schema_version":0,"count_expression":{"references":["var.create_vpc","var.enable_config_endpoint"]}},{"address":"aws_vpc_endpoint.dynamodb","mode":"managed","type":"aws_vpc_endpoint","name":"dynamodb","provider_config_key":"aws","expressions":{"service_name":{"references":["data.aws_vpc_endpoint_service.dynamodb[0].service_name","data.aws_vpc_endpoint_service.dynamodb[0]","data.aws_vpc_endpoint_service.dynamodb"]},"tags":{"references":["local.vpce_tags"]},"vpc_id":{"references":["local.vpc_id"]}},"schema_version":0,"count_expression":{"references":["var.create_vpc","var.enable_dynamodb_endpoint"]}},{"address":"aws_vpc_endpoint.ec2","mode":"managed","type":"aws_vpc_endpoint","name":"ec2","provider_config_key":"aws","expressions":{"private_dns_enabled":{"references":["var.ec2_endpoint_private_dns_enabled"]},"security_group_ids":{"references":["var.ec2_endpoint_security_group_ids"]},"service_name":{"references":["data.aws_vpc_endpoint_service.ec2[0].service_name","data.aws_vpc_endpoint_service.ec2[0]","data.aws_vpc_endpoint_service.ec2"]},"subnet_ids":{"references":["var.ec2_endpoint_subnet_ids","aws_subnet.private"]},"tags":{"references":["local.vpce_tags"]},"vpc_endpoint_type":{"constant_value":"Interface"},"vpc_id":{"references":["local.vpc_id"]}},"schema_version":0,"count_expression":{"references":["var.create_vpc","var.enable_ec2_endpoint"]}},{"address":"aws_vpc_endpoint.ec2messages","mode":"managed","type":"aws_vpc_endpoint","name":"ec2messages","provider_config_key":"aws","expressions":{"private_dns_enabled":{"references":["var.ec2messages_endpoint_private_dns_enabled"]},"security_group_ids":{"references":["var.ec2messages_endpoint_security_group_ids"]},"service_name":{"references":["data.aws_vpc_endpoint_service.ec2messages[0].service_name","data.aws_vpc_endpoint_service.ec2messages[0]","data.aws_vpc_endpoint_service.ec2messages"]},"subnet_ids":{"references":["var.ec2messages_endpoint_subnet_ids","aws_subnet.private"]},"tags":{"references":["local.vpce_tags"]},"vpc_endpoint_type":{"constant_value":"Interface"},"vpc_id":{"references":["local.vpc_id"]}},"schema_version":0,"count_expression":{"references":["var.create_vpc","var.enable_ec2messages_endpoint"]}},{"address":"aws_vpc_endpoint.ecr_api","mode":"managed","type":"aws_vpc_endpoint","name":"ecr_api","provider_config_key":"aws","expressions":{"private_dns_enabled":{"references":["var.ecr_api_endpoint_private_dns_enabled"]},"security_group_ids":{"references":["var.ecr_api_endpoint_security_group_ids"]},"service_name":{"references":["data.aws_vpc_endpoint_service.ecr_api[0].service_name","data.aws_vpc_endpoint_service.ecr_api[0]","data.aws_vpc_endpoint_service.ecr_api"]},"subnet_ids":{"references":["var.ecr_api_endpoint_subnet_ids","aws_subnet.private"]},"tags":{"references":["local.vpce_tags"]},"vpc_endpoint_type":{"constant_value":"Interface"},"vpc_id":{"references":["local.vpc_id"]}},"schema_version":0,"count_expression":{"references":["var.create_vpc","var.enable_ecr_api_endpoint"]}},{"address":"aws_vpc_endpoint.ecr_dkr","mode":"managed","type":"aws_vpc_endpoint","name":"ecr_dkr","provider_config_key":"aws","expressions":{"private_dns_enabled":{"references":["var.ecr_dkr_endpoint_private_dns_enabled"]},"security_group_ids":{"references":["var.ecr_dkr_endpoint_security_group_ids"]},"service_name":{"references":["data.aws_vpc_endpoint_service.ecr_dkr[0].service_name","data.aws_vpc_endpoint_service.ecr_dkr[0]","data.aws_vpc_endpoint_service.ecr_dkr"]},"subnet_ids":{"references":["var.ecr_dkr_endpoint_subnet_ids","aws_subnet.private"]},"tags":{"references":["local.vpce_tags"]},"vpc_endpoint_type":{"constant_value":"Interface"},"vpc_id":{"references":["local.vpc_id"]}},"schema_version":0,"count_expression":{"references":["var.create_vpc","var.enable_ecr_dkr_endpoint"]}},{"address":"aws_vpc_endpoint.ecs","mode":"managed","type":"aws_vpc_endpoint","name":"ecs","provider_config_key":"aws","expressions":{"private_dns_enabled":{"references":["var.ecs_endpoint_private_dns_enabled"]},"security_group_ids":{"references":["var.ecs_endpoint_security_group_ids"]},"service_name":{"references":["data.aws_vpc_endpoint_service.ecs[0].service_name","data.aws_vpc_endpoint_service.ecs[0]","data.aws_vpc_endpoint_service.ecs"]},"subnet_ids":{"references":["var.ecs_endpoint_subnet_ids","aws_subnet.private"]},"tags":{"references":["local.vpce_tags"]},"vpc_endpoint_type":{"constant_value":"Interface"},"vpc_id":{"references":["local.vpc_id"]}},"schema_version":0,"count_expression":{"references":["var.create_vpc","var.enable_ecs_endpoint"]}},{"address":"aws_vpc_endpoint.ecs_agent","mode":"managed","type":"aws_vpc_endpoint","name":"ecs_agent","provider_config_key":"aws","expressions":{"private_dns_enabled":{"references":["var.ecs_agent_endpoint_private_dns_enabled"]},"security_group_ids":{"references":["var.ecs_agent_endpoint_security_group_ids"]},"service_name":{"references":["data.aws_vpc_endpoint_service.ecs_agent[0].service_name","data.aws_vpc_endpoint_service.ecs_agent[0]","data.aws_vpc_endpoint_service.ecs_agent"]},"subnet_ids":{"references":["var.ecs_agent_endpoint_subnet_ids","aws_subnet.private"]},"tags":{"references":["local.vpce_tags"]},"vpc_endpoint_type":{"constant_value":"Interface"},"vpc_id":{"references":["local.vpc_id"]}},"schema_version":0,"count_expression":{"references":["var.create_vpc","var.enable_ecs_agent_endpoint"]}},{"address":"aws_vpc_endpoint.ecs_telemetry","mode":"managed","type":"aws_vpc_endpoint","name":"ecs_telemetry","provider_config_key":"aws","expressions":{"private_dns_enabled":{"references":["var.ecs_telemetry_endpoint_private_dns_enabled"]},"security_group_ids":{"references":["var.ecs_telemetry_endpoint_security_group_ids"]},"service_name":{"references":["data.aws_vpc_endpoint_service.ecs_telemetry[0].service_name","data.aws_vpc_endpoint_service.ecs_telemetry[0]","data.aws_vpc_endpoint_service.ecs_telemetry"]},"subnet_ids":{"references":["var.ecs_telemetry_endpoint_subnet_ids","aws_subnet.private"]},"tags":{"references":["local.vpce_tags"]},"vpc_endpoint_type":{"constant_value":"Interface"},"vpc_id":{"references":["local.vpc_id"]}},"schema_version":0,"count_expression":{"references":["var.create_vpc","var.enable_ecs_telemetry_endpoint"]}},{"address":"aws_vpc_endpoint.elasticloadbalancing","mode":"managed","type":"aws_vpc_endpoint","name":"elasticloadbalancing","provider_config_key":"aws","expressions":{"private_dns_enabled":{"references":["var.elasticloadbalancing_endpoint_private_dns_enabled"]},"security_group_ids":{"references":["var.elasticloadbalancing_endpoint_security_group_ids"]},"service_name":{"references":["data.aws_vpc_endpoint_service.elasticloadbalancing[0].service_name","data.aws_vpc_endpoint_service.elasticloadbalancing[0]","data.aws_vpc_endpoint_service.elasticloadbalancing"]},"subnet_ids":{"references":["var.elasticloadbalancing_endpoint_subnet_ids","aws_subnet.private"]},"tags":{"references":["local.vpce_tags"]},"vpc_endpoint_type":{"constant_value":"Interface"},"vpc_id":{"references":["local.vpc_id"]}},"schema_version":0,"count_expression":{"references":["var.create_vpc","var.enable_elasticloadbalancing_endpoint"]}},{"address":"aws_vpc_endpoint.events","mode":"managed","type":"aws_vpc_endpoint","name":"events","provider_config_key":"aws","expressions":{"private_dns_enabled":{"references":["var.events_endpoint_private_dns_enabled"]},"security_group_ids":{"references":["var.events_endpoint_security_group_ids"]},"service_name":{"references":["data.aws_vpc_endpoint_service.events[0].service_name","data.aws_vpc_endpoint_service.events[0]","data.aws_vpc_endpoint_service.events"]},"subnet_ids":{"references":["var.events_endpoint_subnet_ids","aws_subnet.private"]},"tags":{"references":["local.vpce_tags"]},"vpc_endpoint_type":{"constant_value":"Interface"},"vpc_id":{"references":["local.vpc_id"]}},"schema_version":0,"count_expression":{"references":["var.create_vpc","var.enable_events_endpoint"]}},{"address":"aws_vpc_endpoint.git_codecommit","mode":"managed","type":"aws_vpc_endpoint","name":"git_codecommit","provider_config_key":"aws","expressions":{"private_dns_enabled":{"references":["var.git_codecommit_endpoint_private_dns_enabled"]},"security_group_ids":{"references":["var.git_codecommit_endpoint_security_group_ids"]},"service_name":{"references":["data.aws_vpc_endpoint_service.git_codecommit[0].service_name","data.aws_vpc_endpoint_service.git_codecommit[0]","data.aws_vpc_endpoint_service.git_codecommit"]},"subnet_ids":{"references":["var.git_codecommit_endpoint_subnet_ids","aws_subnet.private"]},"tags":{"references":["local.vpce_tags"]},"vpc_endpoint_type":{"constant_value":"Interface"},"vpc_id":{"references":["local.vpc_id"]}},"schema_version":0,"count_expression":{"references":["var.create_vpc","var.enable_git_codecommit_endpoint"]}},{"address":"aws_vpc_endpoint.glue","mode":"managed","type":"aws_vpc_endpoint","name":"glue","provider_config_key":"aws","expressions":{"private_dns_enabled":{"references":["var.glue_endpoint_private_dns_enabled"]},"security_group_ids":{"references":["var.glue_endpoint_security_group_ids"]},"service_name":{"references":["data.aws_vpc_endpoint_service.glue[0].service_name","data.aws_vpc_endpoint_service.glue[0]","data.aws_vpc_endpoint_service.glue"]},"subnet_ids":{"references":["var.glue_endpoint_subnet_ids","aws_subnet.private"]},"tags":{"references":["local.vpce_tags"]},"vpc_endpoint_type":{"constant_value":"Interface"},"vpc_id":{"references":["local.vpc_id"]}},"schema_version":0,"count_expression":{"references":["var.create_vpc","var.enable_glue_endpoint"]}},{"address":"aws_vpc_endpoint.kinesis_firehose","mode":"managed","type":"aws_vpc_endpoint","name":"kinesis_firehose","provider_config_key":"aws","expressions":{"private_dns_enabled":{"references":["var.kinesis_firehose_endpoint_private_dns_enabled"]},"security_group_ids":{"references":["var.kinesis_firehose_endpoint_security_group_ids"]},"service_name":{"references":["data.aws_vpc_endpoint_service.kinesis_firehose[0].service_name","data.aws_vpc_endpoint_service.kinesis_firehose[0]","data.aws_vpc_endpoint_service.kinesis_firehose"]},"subnet_ids":{"references":["var.kinesis_firehose_endpoint_subnet_ids","aws_subnet.private"]},"tags":{"references":["local.vpce_tags"]},"vpc_endpoint_type":{"constant_value":"Interface"},"vpc_id":{"references":["local.vpc_id"]}},"schema_version":0,"count_expression":{"references":["var.create_vpc","var.enable_kinesis_firehose_endpoint"]}},{"address":"aws_vpc_endpoint.kinesis_streams","mode":"managed","type":"aws_vpc_endpoint","name":"kinesis_streams","provider_config_key":"aws","expressions":{"private_dns_enabled":{"references":["var.kinesis_streams_endpoint_private_dns_enabled"]},"security_group_ids":{"references":["var.kinesis_streams_endpoint_security_group_ids"]},"service_name":{"references":["data.aws_vpc_endpoint_service.kinesis_streams[0].service_name","data.aws_vpc_endpoint_service.kinesis_streams[0]","data.aws_vpc_endpoint_service.kinesis_streams"]},"subnet_ids":{"references":["var.kinesis_streams_endpoint_subnet_ids","aws_subnet.private"]},"tags":{"references":["local.vpce_tags"]},"vpc_endpoint_type":{"constant_value":"Interface"},"vpc_id":{"references":["local.vpc_id"]}},"schema_version":0,"count_expression":{"references":["var.create_vpc","var.enable_kinesis_streams_endpoint"]}},{"address":"aws_vpc_endpoint.kms","mode":"managed","type":"aws_vpc_endpoint","name":"kms","provider_config_key":"aws","expressions":{"private_dns_enabled":{"references":["var.kms_endpoint_private_dns_enabled"]},"security_group_ids":{"references":["var.kms_endpoint_security_group_ids"]},"service_name":{"references":["data.aws_vpc_endpoint_service.kms[0].service_name","data.aws_vpc_endpoint_service.kms[0]","data.aws_vpc_endpoint_service.kms"]},"subnet_ids":{"references":["var.kms_endpoint_subnet_ids","aws_subnet.private"]},"tags":{"references":["local.vpce_tags"]},"vpc_endpoint_type":{"constant_value":"Interface"},"vpc_id":{"references":["local.vpc_id"]}},"schema_version":0,"count_expression":{"references":["var.create_vpc","var.enable_kms_endpoint"]}},{"address":"aws_vpc_endpoint.logs","mode":"managed","type":"aws_vpc_endpoint","name":"logs","provider_config_key":"aws","expressions":{"private_dns_enabled":{"references":["var.logs_endpoint_private_dns_enabled"]},"security_group_ids":{"references":["var.logs_endpoint_security_group_ids"]},"service_name":{"references":["data.aws_vpc_endpoint_service.logs[0].service_name","data.aws_vpc_endpoint_service.logs[0]","data.aws_vpc_endpoint_service.logs"]},"subnet_ids":{"references":["var.logs_endpoint_subnet_ids","aws_subnet.private"]},"tags":{"references":["local.vpce_tags"]},"vpc_endpoint_type":{"constant_value":"Interface"},"vpc_id":{"references":["local.vpc_id"]}},"schema_version":0,"count_expression":{"references":["var.create_vpc","var.enable_logs_endpoint"]}},{"address":"aws_vpc_endpoint.monitoring","mode":"managed","type":"aws_vpc_endpoint","name":"monitoring","provider_config_key":"aws","expressions":{"private_dns_enabled":{"references":["var.monitoring_endpoint_private_dns_enabled"]},"security_group_ids":{"references":["var.monitoring_endpoint_security_group_ids"]},"service_name":{"references":["data.aws_vpc_endpoint_service.monitoring[0].service_name","data.aws_vpc_endpoint_service.monitoring[0]","data.aws_vpc_endpoint_service.monitoring"]},"subnet_ids":{"references":["var.monitoring_endpoint_subnet_ids","aws_subnet.private"]},"tags":{"references":["local.vpce_tags"]},"vpc_endpoint_type":{"constant_value":"Interface"},"vpc_id":{"references":["local.vpc_id"]}},"schema_version":0,"count_expression":{"references":["var.create_vpc","var.enable_monitoring_endpoint"]}},{"address":"aws_vpc_endpoint.rekognition","mode":"managed","type":"aws_vpc_endpoint","name":"rekognition","provider_config_key":"aws","expressions":{"private_dns_enabled":{"references":["var.rekognition_endpoint_private_dns_enabled"]},"security_group_ids":{"references":["var.rekognition_endpoint_security_group_ids"]},"service_name":{"references":["data.aws_vpc_endpoint_service.rekognition[0].service_name","data.aws_vpc_endpoint_service.rekognition[0]","data.aws_vpc_endpoint_service.rekognition"]},"subnet_ids":{"references":["var.rekognition_endpoint_subnet_ids","aws_subnet.private"]},"tags":{"references":["local.vpce_tags"]},"vpc_endpoint_type":{"constant_value":"Interface"},"vpc_id":{"references":["local.vpc_id"]}},"schema_version":0,"count_expression":{"references":["var.create_vpc","var.enable_rekognition_endpoint"]}},{"address":"aws_vpc_endpoint.s3","mode":"managed","type":"aws_vpc_endpoint","name":"s3","provider_config_key":"aws","expressions":{"service_name":{"references":["data.aws_vpc_endpoint_service.s3[0].service_name","data.aws_vpc_endpoint_service.s3[0]","data.aws_vpc_endpoint_service.s3"]},"tags":{"references":["local.vpce_tags"]},"vpc_id":{"references":["local.vpc_id"]}},"schema_version":0,"count_expression":{"references":["var.create_vpc","var.enable_s3_endpoint"]}},{"address":"aws_vpc_endpoint.sagemaker_api","mode":"managed","type":"aws_vpc_endpoint","name":"sagemaker_api","provider_config_key":"aws","expressions":{"private_dns_enabled":{"references":["var.sagemaker_api_endpoint_private_dns_enabled"]},"security_group_ids":{"references":["var.sagemaker_api_endpoint_security_group_ids"]},"service_name":{"references":["data.aws_vpc_endpoint_service.sagemaker_api[0].service_name","data.aws_vpc_endpoint_service.sagemaker_api[0]","data.aws_vpc_endpoint_service.sagemaker_api"]},"subnet_ids":{"references":["var.sagemaker_api_endpoint_subnet_ids","aws_subnet.private"]},"tags":{"references":["local.vpce_tags"]},"vpc_endpoint_type":{"constant_value":"Interface"},"vpc_id":{"references":["local.vpc_id"]}},"schema_version":0,"count_expression":{"references":["var.create_vpc","var.enable_sagemaker_api_endpoint"]}},{"address":"aws_vpc_endpoint.sagemaker_notebook","mode":"managed","type":"aws_vpc_endpoint","name":"sagemaker_notebook","provider_config_key":"aws","expressions":{"private_dns_enabled":{"references":["var.sagemaker_notebook_endpoint_private_dns_enabled"]},"security_group_ids":{"references":["var.sagemaker_notebook_endpoint_security_group_ids"]},"service_name":{"references":["data.aws_vpc_endpoint_service.sagemaker_notebook[0].service_name","data.aws_vpc_endpoint_service.sagemaker_notebook[0]","data.aws_vpc_endpoint_service.sagemaker_notebook"]},"subnet_ids":{"references":["var.sagemaker_notebook_endpoint_subnet_ids","aws_subnet.private"]},"tags":{"references":["local.vpce_tags"]},"vpc_endpoint_type":{"constant_value":"Interface"},"vpc_id":{"references":["local.vpc_id"]}},"schema_version":0,"count_expression":{"references":["var.create_vpc","var.enable_sagemaker_notebook_endpoint"]}},{"address":"aws_vpc_endpoint.sagemaker_runtime","mode":"managed","type":"aws_vpc_endpoint","name":"sagemaker_runtime","provider_config_key":"aws","expressions":{"private_dns_enabled":{"references":["var.sagemaker_runtime_endpoint_private_dns_enabled"]},"security_group_ids":{"references":["var.sagemaker_runtime_endpoint_security_group_ids"]},"service_name":{"references":["data.aws_vpc_endpoint_service.sagemaker_runtime[0].service_name","data.aws_vpc_endpoint_service.sagemaker_runtime[0]","data.aws_vpc_endpoint_service.sagemaker_runtime"]},"subnet_ids":{"references":["var.sagemaker_runtime_endpoint_subnet_ids","aws_subnet.private"]},"tags":{"references":["local.vpce_tags"]},"vpc_endpoint_type":{"constant_value":"Interface"},"vpc_id":{"references":["local.vpc_id"]}},"schema_version":0,"count_expression":{"references":["var.create_vpc","var.enable_sagemaker_runtime_endpoint"]}},{"address":"aws_vpc_endpoint.secretsmanager","mode":"managed","type":"aws_vpc_endpoint","name":"secretsmanager","provider_config_key":"aws","expressions":{"private_dns_enabled":{"references":["var.secretsmanager_endpoint_private_dns_enabled"]},"security_group_ids":{"references":["var.secretsmanager_endpoint_security_group_ids"]},"service_name":{"references":["data.aws_vpc_endpoint_service.secretsmanager[0].service_name","data.aws_vpc_endpoint_service.secretsmanager[0]","data.aws_vpc_endpoint_service.secretsmanager"]},"subnet_ids":{"references":["var.secretsmanager_endpoint_subnet_ids","aws_subnet.private"]},"tags":{"references":["local.vpce_tags"]},"vpc_endpoint_type":{"constant_value":"Interface"},"vpc_id":{"references":["local.vpc_id"]}},"schema_version":0,"count_expression":{"references":["var.create_vpc","var.enable_secretsmanager_endpoint"]}},{"address":"aws_vpc_endpoint.servicecatalog","mode":"managed","type":"aws_vpc_endpoint","name":"servicecatalog","provider_config_key":"aws","expressions":{"private_dns_enabled":{"references":["var.servicecatalog_endpoint_private_dns_enabled"]},"security_group_ids":{"references":["var.servicecatalog_endpoint_security_group_ids"]},"service_name":{"references":["data.aws_vpc_endpoint_service.servicecatalog[0].service_name","data.aws_vpc_endpoint_service.servicecatalog[0]","data.aws_vpc_endpoint_service.servicecatalog"]},"subnet_ids":{"references":["var.servicecatalog_endpoint_subnet_ids","aws_subnet.private"]},"tags":{"references":["local.vpce_tags"]},"vpc_endpoint_type":{"constant_value":"Interface"},"vpc_id":{"references":["local.vpc_id"]}},"schema_version":0,"count_expression":{"references":["var.create_vpc","var.enable_servicecatalog_endpoint"]}},{"address":"aws_vpc_endpoint.sns","mode":"managed","type":"aws_vpc_endpoint","name":"sns","provider_config_key":"aws","expressions":{"private_dns_enabled":{"references":["var.sns_endpoint_private_dns_enabled"]},"security_group_ids":{"references":["var.sns_endpoint_security_group_ids"]},"service_name":{"references":["data.aws_vpc_endpoint_service.sns[0].service_name","data.aws_vpc_endpoint_service.sns[0]","data.aws_vpc_endpoint_service.sns"]},"subnet_ids":{"references":["var.sns_endpoint_subnet_ids","aws_subnet.private"]},"tags":{"references":["local.vpce_tags"]},"vpc_endpoint_type":{"constant_value":"Interface"},"vpc_id":{"references":["local.vpc_id"]}},"schema_version":0,"count_expression":{"references":["var.create_vpc","var.enable_sns_endpoint"]}},{"address":"aws_vpc_endpoint.sqs","mode":"managed","type":"aws_vpc_endpoint","name":"sqs","provider_config_key":"aws","expressions":{"private_dns_enabled":{"references":["var.sqs_endpoint_private_dns_enabled"]},"security_group_ids":{"references":["var.sqs_endpoint_security_group_ids"]},"service_name":{"references":["data.aws_vpc_endpoint_service.sqs[0].service_name","data.aws_vpc_endpoint_service.sqs[0]","data.aws_vpc_endpoint_service.sqs"]},"subnet_ids":{"references":["var.sqs_endpoint_subnet_ids","aws_subnet.private"]},"tags":{"references":["local.vpce_tags"]},"vpc_endpoint_type":{"constant_value":"Interface"},"vpc_id":{"references":["local.vpc_id"]}},"schema_version":0,"count_expression":{"references":["var.create_vpc","var.enable_sqs_endpoint"]}},{"address":"aws_vpc_endpoint.ssm","mode":"managed","type":"aws_vpc_endpoint","name":"ssm","provider_config_key":"aws","expressions":{"private_dns_enabled":{"references":["var.ssm_endpoint_private_dns_enabled"]},"security_group_ids":{"references":["var.ssm_endpoint_security_group_ids"]},"service_name":{"references":["data.aws_vpc_endpoint_service.ssm[0].service_name","data.aws_vpc_endpoint_service.ssm[0]","data.aws_vpc_endpoint_service.ssm"]},"subnet_ids":{"references":["var.ssm_endpoint_subnet_ids","aws_subnet.private"]},"tags":{"references":["local.vpce_tags"]},"vpc_endpoint_type":{"constant_value":"Interface"},"vpc_id":{"references":["local.vpc_id"]}},"schema_version":0,"count_expression":{"references":["var.create_vpc","var.enable_ssm_endpoint"]}},{"address":"aws_vpc_endpoint.ssmmessages","mode":"managed","type":"aws_vpc_endpoint","name":"ssmmessages","provider_config_key":"aws","expressions":{"private_dns_enabled":{"references":["var.ssmmessages_endpoint_private_dns_enabled"]},"security_group_ids":{"references":["var.ssmmessages_endpoint_security_group_ids"]},"service_name":{"references":["data.aws_vpc_endpoint_service.ssmmessages[0].service_name","data.aws_vpc_endpoint_service.ssmmessages[0]","data.aws_vpc_endpoint_service.ssmmessages"]},"subnet_ids":{"references":["var.ssmmessages_endpoint_subnet_ids","aws_subnet.private"]},"tags":{"references":["local.vpce_tags"]},"vpc_endpoint_type":{"constant_value":"Interface"},"vpc_id":{"references":["local.vpc_id"]}},"schema_version":0,"count_expression":{"references":["var.create_vpc","var.enable_ssmmessages_endpoint"]}},{"address":"aws_vpc_endpoint.storagegateway","mode":"managed","type":"aws_vpc_endpoint","name":"storagegateway","provider_config_key":"aws","expressions":{"private_dns_enabled":{"references":["var.storagegateway_endpoint_private_dns_enabled"]},"security_group_ids":{"references":["var.storagegateway_endpoint_security_group_ids"]},"service_name":{"references":["data.aws_vpc_endpoint_service.storagegateway[0].service_name","data.aws_vpc_endpoint_service.storagegateway[0]","data.aws_vpc_endpoint_service.storagegateway"]},"subnet_ids":{"references":["var.storagegateway_endpoint_subnet_ids","aws_subnet.private"]},"tags":{"references":["local.vpce_tags"]},"vpc_endpoint_type":{"constant_value":"Interface"},"vpc_id":{"references":["local.vpc_id"]}},"schema_version":0,"count_expression":{"references":["var.create_vpc","var.enable_storagegateway_endpoint"]}},{"address":"aws_vpc_endpoint.sts","mode":"managed","type":"aws_vpc_endpoint","name":"sts","provider_config_key":"aws","expressions":{"private_dns_enabled":{"references":["var.sts_endpoint_private_dns_enabled"]},"security_group_ids":{"references":["var.sts_endpoint_security_group_ids"]},"service_name":{"references":["data.aws_vpc_endpoint_service.sts[0].service_name","data.aws_vpc_endpoint_service.sts[0]","data.aws_vpc_endpoint_service.sts"]},"subnet_ids":{"references":["var.sts_endpoint_subnet_ids","aws_subnet.private"]},"tags":{"references":["local.vpce_tags"]},"vpc_endpoint_type":{"constant_value":"Interface"},"vpc_id":{"references":["local.vpc_id"]}},"schema_version":0,"count_expression":{"references":["var.create_vpc","var.enable_sts_endpoint"]}},{"address":"aws_vpc_endpoint.transfer","mode":"managed","type":"aws_vpc_endpoint","name":"transfer","provider_config_key":"aws","expressions":{"private_dns_enabled":{"references":["var.transfer_endpoint_private_dns_enabled"]},"security_group_ids":{"references":["var.transfer_endpoint_security_group_ids"]},"service_name":{"references":["data.aws_vpc_endpoint_service.transfer[0].service_name","data.aws_vpc_endpoint_service.transfer[0]","data.aws_vpc_endpoint_service.transfer"]},"subnet_ids":{"references":["var.transfer_endpoint_subnet_ids","aws_subnet.private"]},"tags":{"references":["local.vpce_tags"]},"vpc_endpoint_type":{"constant_value":"Interface"},"vpc_id":{"references":["local.vpc_id"]}},"schema_version":0,"count_expression":{"references":["var.create_vpc","var.enable_transfer_endpoint"]}},{"address":"aws_vpc_endpoint.transferserver","mode":"managed","type":"aws_vpc_endpoint","name":"transferserver","provider_config_key":"aws","expressions":{"private_dns_enabled":{"references":["var.transferserver_endpoint_private_dns_enabled"]},"security_group_ids":{"references":["var.transferserver_endpoint_security_group_ids"]},"service_name":{"references":["data.aws_vpc_endpoint_service.transferserver[0].service_name","data.aws_vpc_endpoint_service.transferserver[0]","data.aws_vpc_endpoint_service.transferserver"]},"subnet_ids":{"references":["var.transferserver_endpoint_subnet_ids","aws_subnet.private"]},"tags":{"references":["local.vpce_tags"]},"vpc_endpoint_type":{"constant_value":"Interface"},"vpc_id":{"references":["local.vpc_id"]}},"schema_version":0,"count_expression":{"references":["var.create_vpc","var.enable_transferserver_endpoint"]}},{"address":"aws_vpc_endpoint_route_table_association.intra_dynamodb","mode":"managed","type":"aws_vpc_endpoint_route_table_association","name":"intra_dynamodb","provider_config_key":"aws","expressions":{"route_table_id":{"references":["aws_route_table.intra"]},"vpc_endpoint_id":{"references":["aws_vpc_endpoint.dynamodb[0].id","aws_vpc_endpoint.dynamodb[0]","aws_vpc_endpoint.dynamodb"]}},"schema_version":0,"count_expression":{"references":["var.create_vpc","var.enable_dynamodb_endpoint","var.intra_subnets"]}},{"address":"aws_vpc_endpoint_route_table_association.intra_s3","mode":"managed","type":"aws_vpc_endpoint_route_table_association","name":"intra_s3","provider_config_key":"aws","expressions":{"route_table_id":{"references":["aws_route_table.intra"]},"vpc_endpoint_id":{"references":["aws_vpc_endpoint.s3[0].id","aws_vpc_endpoint.s3[0]","aws_vpc_endpoint.s3"]}},"schema_version":0,"count_expression":{"references":["var.create_vpc","var.enable_s3_endpoint","var.intra_subnets"]}},{"address":"aws_vpc_endpoint_route_table_association.private_dynamodb","mode":"managed","type":"aws_vpc_endpoint_route_table_association","name":"private_dynamodb","provider_config_key":"aws","expressions":{"route_table_id":{"references":["aws_route_table.private","count.index"]},"vpc_endpoint_id":{"references":["aws_vpc_endpoint.dynamodb[0].id","aws_vpc_endpoint.dynamodb[0]","aws_vpc_endpoint.dynamodb"]}},"schema_version":0,"count_expression":{"references":["var.create_vpc","var.enable_dynamodb_endpoint","local.nat_gateway_count"]}},{"address":"aws_vpc_endpoint_route_table_association.private_s3","mode":"managed","type":"aws_vpc_endpoint_route_table_association","name":"private_s3","provider_config_key":"aws","expressions":{"route_table_id":{"references":["aws_route_table.private","count.index"]},"vpc_endpoint_id":{"references":["aws_vpc_endpoint.s3[0].id","aws_vpc_endpoint.s3[0]","aws_vpc_endpoint.s3"]}},"schema_version":0,"count_expression":{"references":["var.create_vpc","var.enable_s3_endpoint","local.nat_gateway_count"]}},{"address":"aws_vpc_endpoint_route_table_association.public_dynamodb","mode":"managed","type":"aws_vpc_endpoint_route_table_association","name":"public_dynamodb","provider_config_key":"aws","expressions":{"route_table_id":{"references":["aws_route_table.public[0].id","aws_route_table.public[0]","aws_route_table.public"]},"vpc_endpoint_id":{"references":["aws_vpc_endpoint.dynamodb[0].id","aws_vpc_endpoint.dynamodb[0]","aws_vpc_endpoint.dynamodb"]}},"schema_version":0,"count_expression":{"references":["var.create_vpc","var.enable_dynamodb_endpoint","var.public_subnets"]}},{"address":"aws_vpc_endpoint_route_table_association.public_s3","mode":"managed","type":"aws_vpc_endpoint_route_table_association","name":"public_s3","provider_config_key":"aws","expressions":{"route_table_id":{"references":["aws_route_table.public[0].id","aws_route_table.public[0]","aws_route_table.public"]},"vpc_endpoint_id":{"references":["aws_vpc_endpoint.s3[0].id","aws_vpc_endpoint.s3[0]","aws_vpc_endpoint.s3"]}},"schema_version":0,"count_expression":{"references":["var.create_vpc","var.enable_s3_endpoint","var.public_subnets"]}},{"address":"aws_vpc_ipv4_cidr_block_association.this","mode":"managed","type":"aws_vpc_ipv4_cidr_block_association","name":"this","provider_config_key":"aws","expressions":{"cidr_block":{"references":["var.secondary_cidr_blocks","count.index"]},"vpc_id":{"references":["aws_vpc.this[0].id","aws_vpc.this[0]","aws_vpc.this"]}},"schema_version":0,"count_expression":{"references":["var.create_vpc","var.secondary_cidr_blocks","var.secondary_cidr_blocks"]}},{"address":"aws_vpn_gateway.this","mode":"managed","type":"aws_vpn_gateway","name":"this","provider_config_key":"aws","expressions":{"amazon_side_asn":{"references":["var.amazon_side_asn"]},"tags":{"references":["var.name","var.tags","var.vpn_gateway_tags"]},"vpc_id":{"references":["local.vpc_id"]}},"schema_version":0,"count_expression":{"references":["var.create_vpc","var.enable_vpn_gateway"]}},{"address":"aws_vpn_gateway_attachment.this","mode":"managed","type":"aws_vpn_gateway_attachment","name":"this","provider_config_key":"aws","expressions":{"vpc_id":{"references":["local.vpc_id"]},"vpn_gateway_id":{"references":["var.vpn_gateway_id"]}},"schema_version":0,"count_expression":{"references":["var.vpn_gateway_id"]}},{"address":"aws_vpn_gateway_route_propagation.private","mode":"managed","type":"aws_vpn_gateway_route_propagation","name":"private","provider_config_key":"aws","expressions":{"route_table_id":{"references":["aws_route_table.private","count.index"]},"vpn_gateway_id":{"references":["aws_vpn_gateway.this","aws_vpn_gateway_attachment.this","count.index"]}},"schema_version":0,"count_expression":{"references":["var.create_vpc","var.propagate_private_route_tables_vgw","var.enable_vpn_gateway","var.vpn_gateway_id","var.private_subnets"]}},{"address":"aws_vpn_gateway_route_propagation.public","mode":"managed","type":"aws_vpn_gateway_route_propagation","name":"public","provider_config_key":"aws","expressions":{"route_table_id":{"references":["aws_route_table.public","count.index"]},"vpn_gateway_id":{"references":["aws_vpn_gateway.this","aws_vpn_gateway_attachment.this","count.index"]}},"schema_version":0,"count_expression":{"references":["var.create_vpc","var.propagate_public_route_tables_vgw","var.enable_vpn_gateway","var.vpn_gateway_id"]}},{"address":"data.aws_vpc_endpoint_service.apigw","mode":"data","type":"aws_vpc_endpoint_service","name":"apigw","provider_config_key":"aws","expressions":{"service":{"constant_value":"execute-api"}},"schema_version":0,"count_expression":{"references":["var.create_vpc","var.enable_apigw_endpoint"]}},{"address":"data.aws_vpc_endpoint_service.appmesh_envoy_management","mode":"data","type":"aws_vpc_endpoint_service","name":"appmesh_envoy_management","provider_config_key":"aws","expressions":{"service":{"constant_value":"appmesh-envoy-management"}},"schema_version":0,"count_expression":{"references":["var.create_vpc","var.enable_appmesh_envoy_management_endpoint"]}},{"address":"data.aws_vpc_endpoint_service.appstream","mode":"data","type":"aws_vpc_endpoint_service","name":"appstream","provider_config_key":"aws","expressions":{"service":{"constant_value":"appstream"}},"schema_version":0,"count_expression":{"references":["var.create_vpc","var.enable_appstream_endpoint"]}},{"address":"data.aws_vpc_endpoint_service.athena","mode":"data","type":"aws_vpc_endpoint_service","name":"athena","provider_config_key":"aws","expressions":{"service":{"constant_value":"athena"}},"schema_version":0,"count_expression":{"references":["var.create_vpc","var.enable_athena_endpoint"]}},{"address":"data.aws_vpc_endpoint_service.cloudformation","mode":"data","type":"aws_vpc_endpoint_service","name":"cloudformation","provider_config_key":"aws","expressions":{"service":{"constant_value":"cloudformation"}},"schema_version":0,"count_expression":{"references":["var.create_vpc","var.enable_cloudformation_endpoint"]}},{"address":"data.aws_vpc_endpoint_service.cloudtrail","mode":"data","type":"aws_vpc_endpoint_service","name":"cloudtrail","provider_config_key":"aws","expressions":{"service":{"constant_value":"cloudtrail"}},"schema_version":0,"count_expression":{"references":["var.create_vpc","var.enable_cloudtrail_endpoint"]}},{"address":"data.aws_vpc_endpoint_service.codebuild","mode":"data","type":"aws_vpc_endpoint_service","name":"codebuild","provider_config_key":"aws","expressions":{"service":{"constant_value":"codebuild"}},"schema_version":0,"count_expression":{"references":["var.create_vpc","var.enable_codebuild_endpoint"]}},{"address":"data.aws_vpc_endpoint_service.codecommit","mode":"data","type":"aws_vpc_endpoint_service","name":"codecommit","provider_config_key":"aws","expressions":{"service":{"constant_value":"codecommit"}},"schema_version":0,"count_expression":{"references":["var.create_vpc","var.enable_codecommit_endpoint"]}},{"address":"data.aws_vpc_endpoint_service.codepipeline","mode":"data","type":"aws_vpc_endpoint_service","name":"codepipeline","provider_config_key":"aws","expressions":{"service":{"constant_value":"codepipeline"}},"schema_version":0,"count_expression":{"references":["var.create_vpc","var.enable_codepipeline_endpoint"]}},{"address":"data.aws_vpc_endpoint_service.config","mode":"data","type":"aws_vpc_endpoint_service","name":"config","provider_config_key":"aws","expressions":{"service":{"constant_value":"config"}},"schema_version":0,"count_expression":{"references":["var.create_vpc","var.enable_config_endpoint"]}},{"address":"data.aws_vpc_endpoint_service.dynamodb","mode":"data","type":"aws_vpc_endpoint_service","name":"dynamodb","provider_config_key":"aws","expressions":{"service":{"constant_value":"dynamodb"}},"schema_version":0,"count_expression":{"references":["var.create_vpc","var.enable_dynamodb_endpoint"]}},{"address":"data.aws_vpc_endpoint_service.ec2","mode":"data","type":"aws_vpc_endpoint_service","name":"ec2","provider_config_key":"aws","expressions":{"service":{"constant_value":"ec2"}},"schema_version":0,"count_expression":{"references":["var.create_vpc","var.enable_ec2_endpoint"]}},{"address":"data.aws_vpc_endpoint_service.ec2messages","mode":"data","type":"aws_vpc_endpoint_service","name":"ec2messages","provider_config_key":"aws","expressions":{"service":{"constant_value":"ec2messages"}},"schema_version":0,"count_expression":{"references":["var.create_vpc","var.enable_ec2messages_endpoint"]}},{"address":"data.aws_vpc_endpoint_service.ecr_api","mode":"data","type":"aws_vpc_endpoint_service","name":"ecr_api","provider_config_key":"aws","expressions":{"service":{"constant_value":"ecr.api"}},"schema_version":0,"count_expression":{"references":["var.create_vpc","var.enable_ecr_api_endpoint"]}},{"address":"data.aws_vpc_endpoint_service.ecr_dkr","mode":"data","type":"aws_vpc_endpoint_service","name":"ecr_dkr","provider_config_key":"aws","expressions":{"service":{"constant_value":"ecr.dkr"}},"schema_version":0,"count_expression":{"references":["var.create_vpc","var.enable_ecr_dkr_endpoint"]}},{"address":"data.aws_vpc_endpoint_service.ecs","mode":"data","type":"aws_vpc_endpoint_service","name":"ecs","provider_config_key":"aws","expressions":{"service":{"constant_value":"ecs"}},"schema_version":0,"count_expression":{"references":["var.create_vpc","var.enable_ecs_endpoint"]}},{"address":"data.aws_vpc_endpoint_service.ecs_agent","mode":"data","type":"aws_vpc_endpoint_service","name":"ecs_agent","provider_config_key":"aws","expressions":{"service":{"constant_value":"ecs-agent"}},"schema_version":0,"count_expression":{"references":["var.create_vpc","var.enable_ecs_agent_endpoint"]}},{"address":"data.aws_vpc_endpoint_service.ecs_telemetry","mode":"data","type":"aws_vpc_endpoint_service","name":"ecs_telemetry","provider_config_key":"aws","expressions":{"service":{"constant_value":"ecs-telemetry"}},"schema_version":0,"count_expression":{"references":["var.create_vpc","var.enable_ecs_telemetry_endpoint"]}},{"address":"data.aws_vpc_endpoint_service.elasticloadbalancing","mode":"data","type":"aws_vpc_endpoint_service","name":"elasticloadbalancing","provider_config_key":"aws","expressions":{"service":{"constant_value":"elasticloadbalancing"}},"schema_version":0,"count_expression":{"references":["var.create_vpc","var.enable_elasticloadbalancing_endpoint"]}},{"address":"data.aws_vpc_endpoint_service.events","mode":"data","type":"aws_vpc_endpoint_service","name":"events","provider_config_key":"aws","expressions":{"service":{"constant_value":"events"}},"schema_version":0,"count_expression":{"references":["var.create_vpc","var.enable_events_endpoint"]}},{"address":"data.aws_vpc_endpoint_service.git_codecommit","mode":"data","type":"aws_vpc_endpoint_service","name":"git_codecommit","provider_config_key":"aws","expressions":{"service":{"constant_value":"git-codecommit"}},"schema_version":0,"count_expression":{"references":["var.create_vpc","var.enable_git_codecommit_endpoint"]}},{"address":"data.aws_vpc_endpoint_service.glue","mode":"data","type":"aws_vpc_endpoint_service","name":"glue","provider_config_key":"aws","expressions":{"service":{"constant_value":"glue"}},"schema_version":0,"count_expression":{"references":["var.create_vpc","var.enable_glue_endpoint"]}},{"address":"data.aws_vpc_endpoint_service.kinesis_firehose","mode":"data","type":"aws_vpc_endpoint_service","name":"kinesis_firehose","provider_config_key":"aws","expressions":{"service":{"constant_value":"kinesis-firehose"}},"schema_version":0,"count_expression":{"references":["var.create_vpc","var.enable_kinesis_firehose_endpoint"]}},{"address":"data.aws_vpc_endpoint_service.kinesis_streams","mode":"data","type":"aws_vpc_endpoint_service","name":"kinesis_streams","provider_config_key":"aws","expressions":{"service":{"constant_value":"kinesis-streams"}},"schema_version":0,"count_expression":{"references":["var.create_vpc","var.enable_kinesis_streams_endpoint"]}},{"address":"data.aws_vpc_endpoint_service.kms","mode":"data","type":"aws_vpc_endpoint_service","name":"kms","provider_config_key":"aws","expressions":{"service":{"constant_value":"kms"}},"schema_version":0,"count_expression":{"references":["var.create_vpc","var.enable_kms_endpoint"]}},{"address":"data.aws_vpc_endpoint_service.logs","mode":"data","type":"aws_vpc_endpoint_service","name":"logs","provider_config_key":"aws","expressions":{"service":{"constant_value":"logs"}},"schema_version":0,"count_expression":{"references":["var.create_vpc","var.enable_logs_endpoint"]}},{"address":"data.aws_vpc_endpoint_service.monitoring","mode":"data","type":"aws_vpc_endpoint_service","name":"monitoring","provider_config_key":"aws","expressions":{"service":{"constant_value":"monitoring"}},"schema_version":0,"count_expression":{"references":["var.create_vpc","var.enable_monitoring_endpoint"]}},{"address":"data.aws_vpc_endpoint_service.rekognition","mode":"data","type":"aws_vpc_endpoint_service","name":"rekognition","provider_config_key":"aws","expressions":{"service":{"constant_value":"rekognition"}},"schema_version":0,"count_expression":{"references":["var.create_vpc","var.enable_rekognition_endpoint"]}},{"address":"data.aws_vpc_endpoint_service.s3","mode":"data","type":"aws_vpc_endpoint_service","name":"s3","provider_config_key":"aws","expressions":{"service":{"constant_value":"s3"}},"schema_version":0,"count_expression":{"references":["var.create_vpc","var.enable_s3_endpoint"]}},{"address":"data.aws_vpc_endpoint_service.sagemaker_api","mode":"data","type":"aws_vpc_endpoint_service","name":"sagemaker_api","provider_config_key":"aws","expressions":{"service":{"constant_value":"sagemaker.api"}},"schema_version":0,"count_expression":{"references":["var.create_vpc","var.enable_sagemaker_api_endpoint"]}},{"address":"data.aws_vpc_endpoint_service.sagemaker_notebook","mode":"data","type":"aws_vpc_endpoint_service","name":"sagemaker_notebook","provider_config_key":"aws","expressions":{"service_name":{"references":["var.sagemaker_notebook_endpoint_region"]}},"schema_version":0,"count_expression":{"references":["var.create_vpc","var.enable_sagemaker_notebook_endpoint"]}},{"address":"data.aws_vpc_endpoint_service.sagemaker_runtime","mode":"data","type":"aws_vpc_endpoint_service","name":"sagemaker_runtime","provider_config_key":"aws","expressions":{"service":{"constant_value":"sagemaker.runtime"}},"schema_version":0,"count_expression":{"references":["var.create_vpc","var.enable_sagemaker_runtime_endpoint"]}},{"address":"data.aws_vpc_endpoint_service.secretsmanager","mode":"data","type":"aws_vpc_endpoint_service","name":"secretsmanager","provider_config_key":"aws","expressions":{"service":{"constant_value":"secretsmanager"}},"schema_version":0,"count_expression":{"references":["var.create_vpc","var.enable_secretsmanager_endpoint"]}},{"address":"data.aws_vpc_endpoint_service.servicecatalog","mode":"data","type":"aws_vpc_endpoint_service","name":"servicecatalog","provider_config_key":"aws","expressions":{"service":{"constant_value":"servicecatalog"}},"schema_version":0,"count_expression":{"references":["var.create_vpc","var.enable_servicecatalog_endpoint"]}},{"address":"data.aws_vpc_endpoint_service.sns","mode":"data","type":"aws_vpc_endpoint_service","name":"sns","provider_config_key":"aws","expressions":{"service":{"constant_value":"sns"}},"schema_version":0,"count_expression":{"references":["var.create_vpc","var.enable_sns_endpoint"]}},{"address":"data.aws_vpc_endpoint_service.sqs","mode":"data","type":"aws_vpc_endpoint_service","name":"sqs","provider_config_key":"aws","expressions":{"service":{"constant_value":"sqs"}},"schema_version":0,"count_expression":{"references":["var.create_vpc","var.enable_sqs_endpoint"]}},{"address":"data.aws_vpc_endpoint_service.ssm","mode":"data","type":"aws_vpc_endpoint_service","name":"ssm","provider_config_key":"aws","expressions":{"service":{"constant_value":"ssm"}},"schema_version":0,"count_expression":{"references":["var.create_vpc","var.enable_ssm_endpoint"]}},{"address":"data.aws_vpc_endpoint_service.ssmmessages","mode":"data","type":"aws_vpc_endpoint_service","name":"ssmmessages","provider_config_key":"aws","expressions":{"service":{"constant_value":"ssmmessages"}},"schema_version":0,"count_expression":{"references":["var.create_vpc","var.enable_ssmmessages_endpoint"]}},{"address":"data.aws_vpc_endpoint_service.storagegateway","mode":"data","type":"aws_vpc_endpoint_service","name":"storagegateway","provider_config_key":"aws","expressions":{"service":{"constant_value":"storagegateway"}},"schema_version":0,"count_expression":{"references":["var.create_vpc","var.enable_storagegateway_endpoint"]}},{"address":"data.aws_vpc_endpoint_service.sts","mode":"data","type":"aws_vpc_endpoint_service","name":"sts","provider_config_key":"aws","expressions":{"service":{"constant_value":"sts"}},"schema_version":0,"count_expression":{"references":["var.create_vpc","var.enable_sts_endpoint"]}},{"address":"data.aws_vpc_endpoint_service.transfer","mode":"data","type":"aws_vpc_endpoint_service","name":"transfer","provider_config_key":"aws","expressions":{"service":{"constant_value":"transfer"}},"schema_version":0,"count_expression":{"references":["var.create_vpc","var.enable_transfer_endpoint"]}},{"address":"data.aws_vpc_endpoint_service.transferserver","mode":"data","type":"aws_vpc_endpoint_service","name":"transferserver","provider_config_key":"aws","expressions":{"service":{"constant_value":"transfer.server"}},"schema_version":0,"count_expression":{"references":["var.create_vpc","var.enable_transferserver_endpoint"]}}],"variables":{"amazon_side_asn":{"default":"64512","description":"The Autonomous System Number (ASN) for the Amazon side of the gateway. By default the virtual private gateway is created with the current default Amazon ASN."},"apigw_endpoint_private_dns_enabled":{"default":false,"description":"Whether or not to associate a private hosted zone with the specified VPC for API GW endpoint"},"apigw_endpoint_security_group_ids":{"default":[],"description":"The ID of one or more security groups to associate with the network interface for API GW  endpoint"},"apigw_endpoint_subnet_ids":{"default":[],"description":"The ID of one or more subnets in which to create a network interface for API GW endpoint. Only a single subnet within an AZ is supported. If omitted, private subnets will be used."},"appmesh_envoy_management_endpoint_private_dns_enabled":{"default":false,"description":"Whether or not to associate a private hosted zone with the specified VPC for AppMesh endpoint"},"appmesh_envoy_management_endpoint_security_group_ids":{"default":[],"description":"The ID of one or more security groups to associate with the network interface for AppMesh endpoint"},"appmesh_envoy_management_endpoint_subnet_ids":{"default":[],"description":"The ID of one or more subnets in which to create a network interface for AppMesh endpoint. Only a single subnet within an AZ is supported. If omitted, private subnets will be used."},"appstream_endpoint_private_dns_enabled":{"default":false,"description":"Whether or not to associate a private hosted zone with the specified VPC for AppStream endpoint"},"appstream_endpoint_security_group_ids":{"default":[],"description":"The ID of one or more security groups to associate with the network interface for AppStream endpoint"},"appstream_endpoint_subnet_ids":{"default":[],"description":"The ID of one or more subnets in which to create a network interface for AppStream endpoint. Only a single subnet within an AZ is supported. If omitted, private subnets will be used."},"assign_ipv6_address_on_creation":{"default":false,"description":"Assign IPv6 address on subnet, must be disabled to change IPv6 CIDRs. This is the IPv6 equivalent of map_public_ip_on_launch"},"athena_endpoint_private_dns_enabled":{"default":false,"description":"Whether or not to associate a private hosted zone with the specified VPC for Athena endpoint"},"athena_endpoint_security_group_ids":{"default":[],"description":"The ID of one or more security groups to associate with the network interface for Athena endpoint"},"athena_endpoint_subnet_ids":{"default":[],"description":"The ID of one or more subnets in which to create a network interface for Athena endpoint. Only a single subnet within an AZ is supported. If omitted, private subnets will be used."},"azs":{"default":[],"description":"A list of availability zones in the region"},"cidr":{"default":"0.0.0.0/0","description":"The CIDR block for the VPC. Default value is a valid CIDR, but not acceptable by AWS and should be overridden"},"cloudformation_endpoint_private_dns_enabled":{"default":false,"description":"Whether or not to associate a private hosted zone with the specified VPC for Cloudformation endpoint"},"cloudformation_endpoint_security_group_ids":{"default":[],"description":"The ID of one or more security groups to associate with the network interface for Cloudformation endpoint"},"cloudformation_endpoint_subnet_ids":{"default":[],"description":"The ID of one or more subnets in which to create a network interface for Cloudformation endpoint. Only a single subnet within an AZ is supported. If omitted, private subnets will be used."},"cloudtrail_endpoint_private_dns_enabled":{"default":false,"description":"Whether or not to associate a private hosted zone with the specified VPC for CloudTrail endpoint"},"cloudtrail_endpoint_security_group_ids":{"default":[],"description":"The ID of one or more security groups to associate with the network interface for CloudTrail endpoint"},"cloudtrail_endpoint_subnet_ids":{"default":[],"description":"The ID of one or more subnets in which to create a network interface for CloudTrail endpoint. Only a single subnet within an AZ is supported. If omitted, private subnets will be used."},"codebuild_endpoint_private_dns_enabled":{"default":false,"description":"Whether or not to associate a private hosted zone with the specified VPC for Codebuild endpoint"},"codebuild_endpoint_security_group_ids":{"default":[],"description":"The ID of one or more security groups to associate with the network interface for Codebuild endpoint"},"codebuild_endpoint_subnet_ids":{"default":[],"description":"The ID of one or more subnets in which to create a network interface for Codebuilt endpoint. Only a single subnet within an AZ is supported. If omitted, private subnets will be used."},"codecommit_endpoint_private_dns_enabled":{"default":false,"description":"Whether or not to associate a private hosted zone with the specified VPC for Codecommit endpoint"},"codecommit_endpoint_security_group_ids":{"default":[],"description":"The ID of one or more security groups to associate with the network interface for Codecommit endpoint"},"codecommit_endpoint_subnet_ids":{"default":[],"description":"The ID of one or more subnets in which to create a network interface for Codecommit endpoint. Only a single subnet within an AZ is supported. If omitted, private subnets will be used."},"codepipeline_endpoint_private_dns_enabled":{"default":false,"description":"Whether or not to associate a private hosted zone with the specified VPC for CodePipeline endpoint"},"codepipeline_endpoint_security_group_ids":{"default":[],"description":"The ID of one or more security groups to associate with the network interface for CodePipeline endpoint"},"codepipeline_endpoint_subnet_ids":{"default":[],"description":"The ID of one or more subnets in which to create a network interface for CodePipeline endpoint. Only a single subnet within an AZ is supported. If omitted, private subnets will be used."},"config_endpoint_private_dns_enabled":{"default":false,"description":"Whether or not to associate a private hosted zone with the specified VPC for config endpoint"},"config_endpoint_security_group_ids":{"default":[],"description":"The ID of one or more security groups to associate with the network interface for config endpoint"},"config_endpoint_subnet_ids":{"default":[],"description":"The ID of one or more subnets in which to create a network interface for config endpoint. Only a single subnet within an AZ is supported. If omitted, private subnets will be used."},"create_database_internet_gateway_route":{"default":false,"description":"Controls if an internet gateway route for public database access should be created"},"create_database_nat_gateway_route":{"default":false,"description":"Controls if a nat gateway route should be created to give internet access to the database subnets"},"create_database_subnet_group":{"default":true,"description":"Controls if database subnet group should be created"},"create_database_subnet_route_table":{"default":false,"description":"Controls if separate route table for database should be created"},"create_elasticache_subnet_group":{"default":true,"description":"Controls if elasticache subnet group should be created"},"create_elasticache_subnet_route_table":{"default":false,"description":"Controls if separate route table for elasticache should be created"},"create_redshift_subnet_group":{"default":true,"description":"Controls if redshift subnet group should be created"},"create_redshift_subnet_route_table":{"default":false,"description":"Controls if separate route table for redshift should be created"},"create_vpc":{"default":true,"description":"Controls if VPC should be created (it affects almost all resources)"},"database_acl_tags":{"default":{},"description":"Additional tags for the database subnets network ACL"},"database_dedicated_network_acl":{"default":false,"description":"Whether to use dedicated network ACL (not default) and custom rules for database subnets"},"database_inbound_acl_rules":{"default":[{"cidr_block":"0.0.0.0/0","from_port":"0","protocol":"-1","rule_action":"allow","rule_number":"100","to_port":"0"}],"description":"Database subnets inbound network ACL rules"},"database_outbound_acl_rules":{"default":[{"cidr_block":"0.0.0.0/0","from_port":"0","protocol":"-1","rule_action":"allow","rule_number":"100","to_port":"0"}],"description":"Database subnets outbound network ACL rules"},"database_route_table_tags":{"default":{},"description":"Additional tags for the database route tables"},"database_subnet_assign_ipv6_address_on_creation":{"default":null,"description":"Assign IPv6 address on database subnet, must be disabled to change IPv6 CIDRs. This is the IPv6 equivalent of map_public_ip_on_launch"},"database_subnet_group_tags":{"default":{},"description":"Additional tags for the database subnet group"},"database_subnet_ipv6_prefixes":{"default":[],"description":"Assigns IPv6 database subnet id based on the Amazon provided /56 prefix base 10 integer (0-256). Must be of equal length to the corresponding IPv4 subnet list"},"database_subnet_suffix":{"default":"db","description":"Suffix to append to database subnets name"},"database_subnet_tags":{"default":{},"description":"Additional tags for the database subnets"},"database_subnets":{"default":[],"description":"A list of database subnets"},"default_network_acl_egress":{"default":[{"action":"allow","cidr_block":"0.0.0.0/0","from_port":"0","protocol":"-1","rule_no":"100","to_port":"0"},{"action":"allow","from_port":"0","ipv6_cidr_block":"::/0","protocol":"-1","rule_no":"101","to_port":"0"}],"description":"List of maps of egress rules to set on the Default Network ACL"},"default_network_acl_ingress":{"default":[{"action":"allow","cidr_block":"0.0.0.0/0","from_port":"0","protocol":"-1","rule_no":"100","to_port":"0"},{"action":"allow","from_port":"0","ipv6_cidr_block":"::/0","protocol":"-1","rule_no":"101","to_port":"0"}],"description":"List of maps of ingress rules to set on the Default Network ACL"},"default_network_acl_name":{"default":"","description":"Name to be used on the Default Network ACL"},"default_network_acl_tags":{"default":{},"description":"Additional tags for the Default Network ACL"},"default_vpc_enable_classiclink":{"default":false,"description":"Should be true to enable ClassicLink in the Default VPC"},"default_vpc_enable_dns_hostnames":{"default":false,"description":"Should be true to enable DNS hostnames in the Default VPC"},"default_vpc_enable_dns_support":{"default":true,"description":"Should be true to enable DNS support in the Default VPC"},"default_vpc_name":{"default":"","description":"Name to be used on the Default VPC"},"default_vpc_tags":{"default":{},"description":"Additional tags for the Default VPC"},"dhcp_options_domain_name":{"default":"","description":"Specifies DNS name for DHCP options set (requires enable_dhcp_options set to true)"},"dhcp_options_domain_name_servers":{"default":["AmazonProvidedDNS"],"description":"Specify a list of DNS server addresses for DHCP options set, default to AWS provided (requires enable_dhcp_options set to true)"},"dhcp_options_netbios_name_servers":{"default":[],"description":"Specify a list of netbios servers for DHCP options set (requires enable_dhcp_options set to true)"},"dhcp_options_netbios_node_type":{"default":"","description":"Specify netbios node_type for DHCP options set (requires enable_dhcp_options set to true)"},"dhcp_options_ntp_servers":{"default":[],"description":"Specify a list of NTP servers for DHCP options set (requires enable_dhcp_options set to true)"},"dhcp_options_tags":{"default":{},"description":"Additional tags for the DHCP option set (requires enable_dhcp_options set to true)"},"ec2_endpoint_private_dns_enabled":{"default":false,"description":"Whether or not to associate a private hosted zone with the specified VPC for EC2 endpoint"},"ec2_endpoint_security_group_ids":{"default":[],"description":"The ID of one or more security groups to associate with the network interface for EC2 endpoint"},"ec2_endpoint_subnet_ids":{"default":[],"description":"The ID of one or more subnets in which to create a network interface for EC2 endpoint. Only a single subnet within an AZ is supported. If omitted, private subnets will be used."},"ec2messages_endpoint_private_dns_enabled":{"default":false,"description":"Whether or not to associate a private hosted zone with the specified VPC for EC2MESSAGES endpoint"},"ec2messages_endpoint_security_group_ids":{"default":[],"description":"The ID of one or more security groups to associate with the network interface for EC2MESSAGES endpoint"},"ec2messages_endpoint_subnet_ids":{"default":[],"description":"The ID of one or more subnets in which to create a network interface for EC2MESSAGES endpoint. Only a single subnet within an AZ is supported. If omitted, private subnets will be used."},"ecr_api_endpoint_private_dns_enabled":{"default":false,"description":"Whether or not to associate a private hosted zone with the specified VPC for ECR API endpoint"},"ecr_api_endpoint_security_group_ids":{"default":[],"description":"The ID of one or more security groups to associate with the network interface for ECR API endpoint"},"ecr_api_endpoint_subnet_ids":{"default":[],"description":"The ID of one or more subnets in which to create a network interface for ECR api endpoint. If omitted, private subnets will be used."},"ecr_dkr_endpoint_private_dns_enabled":{"default":false,"description":"Whether or not to associate a private hosted zone with the specified VPC for ECR DKR endpoint"},"ecr_dkr_endpoint_security_group_ids":{"default":[],"description":"The ID of one or more security groups to associate with the network interface for ECR DKR endpoint"},"ecr_dkr_endpoint_subnet_ids":{"default":[],"description":"The ID of one or more subnets in which to create a network interface for ECR dkr endpoint. If omitted, private subnets will be used."},"ecs_agent_endpoint_private_dns_enabled":{"default":false,"description":"Whether or not to associate a private hosted zone with the specified VPC for ECS Agent endpoint"},"ecs_agent_endpoint_security_group_ids":{"default":[],"description":"The ID of one or more security groups to associate with the network interface for ECS Agent endpoint"},"ecs_agent_endpoint_subnet_ids":{"default":[],"description":"The ID of one or more subnets in which to create a network interface for ECS Agent endpoint. Only a single subnet within an AZ is supported. If omitted, private subnets will be used."},"ecs_endpoint_private_dns_enabled":{"default":false,"description":"Whether or not to associate a private hosted zone with the specified VPC for ECS endpoint"},"ecs_endpoint_security_group_ids":{"default":[],"description":"The ID of one or more security groups to associate with the network interface for ECS endpoint"},"ecs_endpoint_subnet_ids":{"default":[],"description":"The ID of one or more subnets in which to create a network interface for ECS endpoint. Only a single subnet within an AZ is supported. If omitted, private subnets will be used."},"ecs_telemetry_endpoint_private_dns_enabled":{"default":false,"description":"Whether or not to associate a private hosted zone with the specified VPC for ECS Telemetry endpoint"},"ecs_telemetry_endpoint_security_group_ids":{"default":[],"description":"The ID of one or more security groups to associate with the network interface for ECS Telemetry endpoint"},"ecs_telemetry_endpoint_subnet_ids":{"default":[],"description":"The ID of one or more subnets in which to create a network interface for ECS Telemetry endpoint. Only a single subnet within an AZ is supported. If omitted, private subnets will be used."},"elasticache_acl_tags":{"default":{},"description":"Additional tags for the elasticache subnets network ACL"},"elasticache_dedicated_network_acl":{"default":false,"description":"Whether to use dedicated network ACL (not default) and custom rules for elasticache subnets"},"elasticache_inbound_acl_rules":{"default":[{"cidr_block":"0.0.0.0/0","from_port":"0","protocol":"-1","rule_action":"allow","rule_number":"100","to_port":"0"}],"description":"Elasticache subnets inbound network ACL rules"},"elasticache_outbound_acl_rules":{"default":[{"cidr_block":"0.0.0.0/0","from_port":"0","protocol":"-1","rule_action":"allow","rule_number":"100","to_port":"0"}],"description":"Elasticache subnets outbound network ACL rules"},"elasticache_route_table_tags":{"default":{},"description":"Additional tags for the elasticache route tables"},"elasticache_subnet_assign_ipv6_address_on_creation":{"default":null,"description":"Assign IPv6 address on elasticache subnet, must be disabled to change IPv6 CIDRs. This is the IPv6 equivalent of map_public_ip_on_launch"},"elasticache_subnet_ipv6_prefixes":{"default":[],"description":"Assigns IPv6 elasticache subnet id based on the Amazon provided /56 prefix base 10 integer (0-256). Must be of equal length to the corresponding IPv4 subnet list"},"elasticache_subnet_suffix":{"default":"elasticache","description":"Suffix to append to elasticache subnets name"},"elasticache_subnet_tags":{"default":{},"description":"Additional tags for the elasticache subnets"},"elasticache_subnets":{"default":[],"description":"A list of elasticache subnets"},"elasticloadbalancing_endpoint_private_dns_enabled":{"default":false,"description":"Whether or not to associate a private hosted zone with the specified VPC for Elastic Load Balancing endpoint"},"elasticloadbalancing_endpoint_security_group_ids":{"default":[],"description":"The ID of one or more security groups to associate with the network interface for Elastic Load Balancing endpoint"},"elasticloadbalancing_endpoint_subnet_ids":{"default":[],"description":"The ID of one or more subnets in which to create a network interface for Elastic Load Balancing endpoint. Only a single subnet within an AZ is supported. If omitted, private subnets will be used."},"enable_apigw_endpoint":{"default":false,"description":"Should be true if you want to provision an api gateway endpoint to the VPC"},"enable_appmesh_envoy_management_endpoint":{"default":false,"description":"Should be true if you want to provision a AppMesh endpoint to the VPC"},"enable_appstream_endpoint":{"default":false,"description":"Should be true if you want to provision a AppStream endpoint to the VPC"},"enable_athena_endpoint":{"default":false,"description":"Should be true if you want to provision a Athena endpoint to the VPC"},"enable_classiclink":{"default":null,"description":"Should be true to enable ClassicLink for the VPC. Only valid in regions and accounts that support EC2 Classic."},"enable_classiclink_dns_support":{"default":null,"description":"Should be true to enable ClassicLink DNS Support for the VPC. Only valid in regions and accounts that support EC2 Classic."},"enable_cloudformation_endpoint":{"default":false,"description":"Should be true if you want to provision a Cloudformation endpoint to the VPC"},"enable_cloudtrail_endpoint":{"default":false,"description":"Should be true if you want to provision a CloudTrail endpoint to the VPC"},"enable_codebuild_endpoint":{"default":false,"description":"Should be true if you want to provision an Codebuild endpoint to the VPC"},"enable_codecommit_endpoint":{"default":false,"description":"Should be true if you want to provision an Codecommit endpoint to the VPC"},"enable_codepipeline_endpoint":{"default":false,"description":"Should be true if you want to provision a CodePipeline endpoint to the VPC"},"enable_config_endpoint":{"default":false,"description":"Should be true if you want to provision an config endpoint to the VPC"},"enable_dhcp_options":{"default":false,"description":"Should be true if you want to specify a DHCP options set with a custom domain name, DNS servers, NTP servers, netbios servers, and/or netbios server type"},"enable_dns_hostnames":{"default":false,"description":"Should be true to enable DNS hostnames in the VPC"},"enable_dns_support":{"default":true,"description":"Should be true to enable DNS support in the VPC"},"enable_dynamodb_endpoint":{"default":false,"description":"Should be true if you want to provision a DynamoDB endpoint to the VPC"},"enable_ec2_endpoint":{"default":false,"description":"Should be true if you want to provision an EC2 endpoint to the VPC"},"enable_ec2messages_endpoint":{"default":false,"description":"Should be true if you want to provision an EC2MESSAGES endpoint to the VPC"},"enable_ecr_api_endpoint":{"default":false,"description":"Should be true if you want to provision an ecr api endpoint to the VPC"},"enable_ecr_dkr_endpoint":{"default":false,"description":"Should be true if you want to provision an ecr dkr endpoint to the VPC"},"enable_ecs_agent_endpoint":{"default":false,"description":"Should be true if you want to provision a ECS Agent endpoint to the VPC"},"enable_ecs_endpoint":{"default":false,"description":"Should be true if you want to provision a ECS endpoint to the VPC"},"enable_ecs_telemetry_endpoint":{"default":false,"description":"Should be true if you want to provision a ECS Telemetry endpoint to the VPC"},"enable_elasticloadbalancing_endpoint":{"default":false,"description":"Should be true if you want to provision a Elastic Load Balancing endpoint to the VPC"},"enable_events_endpoint":{"default":false,"description":"Should be true if you want to provision a CloudWatch Events endpoint to the VPC"},"enable_git_codecommit_endpoint":{"default":false,"description":"Should be true if you want to provision an Git Codecommit endpoint to the VPC"},"enable_glue_endpoint":{"default":false,"description":"Should be true if you want to provision a Glue endpoint to the VPC"},"enable_ipv6":{"default":false,"description":"Requests an Amazon-provided IPv6 CIDR block with a /56 prefix length for the VPC. You cannot specify the range of IP addresses, or the size of the CIDR block."},"enable_kinesis_firehose_endpoint":{"default":false,"description":"Should be true if you want to provision a Kinesis Firehose endpoint to the VPC"},"enable_kinesis_streams_endpoint":{"default":false,"description":"Should be true if you want to provision a Kinesis Streams endpoint to the VPC"},"enable_kms_endpoint":{"default":false,"description":"Should be true if you want to provision a KMS endpoint to the VPC"},"enable_logs_endpoint":{"default":false,"description":"Should be true if you want to provision a CloudWatch Logs endpoint to the VPC"},"enable_monitoring_endpoint":{"default":false,"description":"Should be true if you want to provision a CloudWatch Monitoring endpoint to the VPC"},"enable_nat_gateway":{"default":false,"description":"Should be true if you want to provision NAT Gateways for each of your private networks"},"enable_public_redshift":{"default":false,"description":"Controls if redshift should have public routing table"},"enable_rekognition_endpoint":{"default":false,"description":"Should be true if you want to provision a Rekognition endpoint to the VPC"},"enable_s3_endpoint":{"default":false,"description":"Should be true if you want to provision an S3 endpoint to the VPC"},"enable_sagemaker_api_endpoint":{"default":false,"description":"Should be true if you want to provision a SageMaker API endpoint to the VPC"},"enable_sagemaker_notebook_endpoint":{"default":false,"description":"Should be true if you want to provision a Sagemaker Notebook endpoint to the VPC"},"enable_sagemaker_runtime_endpoint":{"default":false,"description":"Should be true if you want to provision a SageMaker Runtime endpoint to the VPC"},"enable_secretsmanager_endpoint":{"default":false,"description":"Should be true if you want to provision an Secrets Manager endpoint to the VPC"},"enable_servicecatalog_endpoint":{"default":false,"description":"Should be true if you want to provision a Service Catalog endpoint to the VPC"},"enable_sns_endpoint":{"default":false,"description":"Should be true if you want to provision a SNS endpoint to the VPC"},"enable_sqs_endpoint":{"default":false,"description":"Should be true if you want to provision an SQS endpoint to the VPC"},"enable_ssm_endpoint":{"default":false,"description":"Should be true if you want to provision an SSM endpoint to the VPC"},"enable_ssmmessages_endpoint":{"default":false,"description":"Should be true if you want to provision a SSMMESSAGES endpoint to the VPC"},"enable_storagegateway_endpoint":{"default":false,"description":"Should be true if you want to provision a Storage Gateway endpoint to the VPC"},"enable_sts_endpoint":{"default":false,"description":"Should be true if you want to provision a STS endpoint to the VPC"},"enable_transfer_endpoint":{"default":false,"description":"Should be true if you want to provision a Transfer endpoint tothe VPC"},"enable_transferserver_endpoint":{"default":false,"description":"Should be true if you want to provision a Transer Server endpoint to the VPC"},"enable_vpn_gateway":{"default":false,"description":"Should be true if you want to create a new VPN Gateway resource and attach it to the VPC"},"events_endpoint_private_dns_enabled":{"default":false,"description":"Whether or not to associate a private hosted zone with the specified VPC for CloudWatch Events endpoint"},"events_endpoint_security_group_ids":{"default":[],"description":"The ID of one or more security groups to associate with the network interface for CloudWatch Events endpoint"},"events_endpoint_subnet_ids":{"default":[],"description":"The ID of one or more subnets in which to create a network interface for CloudWatch Events endpoint. Only a single subnet within an AZ is supported. If omitted, private subnets will be used."},"external_nat_ip_ids":{"default":[],"description":"List of EIP IDs to be assigned to the NAT Gateways (used in combination with reuse_nat_ips)"},"git_codecommit_endpoint_private_dns_enabled":{"default":false,"description":"Whether or not to associate a private hosted zone with the specified VPC for Git Codecommit endpoint"},"git_codecommit_endpoint_security_group_ids":{"default":[],"description":"The ID of one or more security groups to associate with the network interface for Git Codecommit endpoint"},"git_codecommit_endpoint_subnet_ids":{"default":[],"description":"The ID of one or more subnets in which to create a network interface for Git Codecommit endpoint. Only a single subnet within an AZ is supported. If omitted, private subnets will be used."},"glue_endpoint_private_dns_enabled":{"default":false,"description":"Whether or not to associate a private hosted zone with the specified VPC for Glue endpoint"},"glue_endpoint_security_group_ids":{"default":[],"description":"The ID of one or more security groups to associate with the network interface for Glue endpoint"},"glue_endpoint_subnet_ids":{"default":[],"description":"The ID of one or more subnets in which to create a network interface for Glue endpoint. Only a single subnet within an AZ is supported. If omitted, private subnets will be used."},"igw_tags":{"default":{},"description":"Additional tags for the internet gateway"},"instance_tenancy":{"default":"default","description":"A tenancy option for instances launched into the VPC"},"intra_acl_tags":{"default":{},"description":"Additional tags for the intra subnets network ACL"},"intra_dedicated_network_acl":{"default":false,"description":"Whether to use dedicated network ACL (not default) and custom rules for intra subnets"},"intra_inbound_acl_rules":{"default":[{"cidr_block":"0.0.0.0/0","from_port":"0","protocol":"-1","rule_action":"allow","rule_number":"100","to_port":"0"}],"description":"Intra subnets inbound network ACLs"},"intra_outbound_acl_rules":{"default":[{"cidr_block":"0.0.0.0/0","from_port":"0","protocol":"-1","rule_action":"allow","rule_number":"100","to_port":"0"}],"description":"Intra subnets outbound network ACLs"},"intra_route_table_tags":{"default":{},"description":"Additional tags for the intra route tables"},"intra_subnet_assign_ipv6_address_on_creation":{"default":null,"description":"Assign IPv6 address on intra subnet, must be disabled to change IPv6 CIDRs. This is the IPv6 equivalent of map_public_ip_on_launch"},"intra_subnet_ipv6_prefixes":{"default":[],"description":"Assigns IPv6 intra subnet id based on the Amazon provided /56 prefix base 10 integer (0-256). Must be of equal length to the corresponding IPv4 subnet list"},"intra_subnet_suffix":{"default":"intra","description":"Suffix to append to intra subnets name"},"intra_subnet_tags":{"default":{},"description":"Additional tags for the intra subnets"},"intra_subnets":{"default":[],"description":"A list of intra subnets"},"kinesis_firehose_endpoint_private_dns_enabled":{"default":false,"description":"Whether or not to associate a private hosted zone with the specified VPC for Kinesis Firehose endpoint"},"kinesis_firehose_endpoint_security_group_ids":{"default":[],"description":"The ID of one or more security groups to associate with the network interface for Kinesis Firehose endpoint"},"kinesis_firehose_endpoint_subnet_ids":{"default":[],"description":"The ID of one or more subnets in which to create a network interface for Kinesis Firehose endpoint. Only a single subnet within an AZ is supported. If omitted, private subnets will be used."},"kinesis_streams_endpoint_private_dns_enabled":{"default":false,"description":"Whether or not to associate a private hosted zone with the specified VPC for Kinesis Streams endpoint"},"kinesis_streams_endpoint_security_group_ids":{"default":[],"description":"The ID of one or more security groups to associate with the network interface for Kinesis Streams endpoint"},"kinesis_streams_endpoint_subnet_ids":{"default":[],"description":"The ID of one or more subnets in which to create a network interface for Kinesis Streams endpoint. Only a single subnet within an AZ is supported. If omitted, private subnets will be used."},"kms_endpoint_private_dns_enabled":{"default":false,"description":"Whether or not to associate a private hosted zone with the specified VPC for KMS endpoint"},"kms_endpoint_security_group_ids":{"default":[],"description":"The ID of one or more security groups to associate with the network interface for KMS endpoint"},"kms_endpoint_subnet_ids":{"default":[],"description":"The ID of one or more subnets in which to create a network interface for KMS endpoint. Only a single subnet within an AZ is supported. If omitted, private subnets will be used."},"logs_endpoint_private_dns_enabled":{"default":false,"description":"Whether or not to associate a private hosted zone with the specified VPC for CloudWatch Logs endpoint"},"logs_endpoint_security_group_ids":{"default":[],"description":"The ID of one or more security groups to associate with the network interface for CloudWatch Logs endpoint"},"logs_endpoint_subnet_ids":{"default":[],"description":"The ID of one or more subnets in which to create a network interface for CloudWatch Logs endpoint. Only a single subnet within an AZ is supported. If omitted, private subnets will be used."},"manage_default_network_acl":{"default":false,"description":"Should be true to adopt and manage Default Network ACL"},"manage_default_vpc":{"default":false,"description":"Should be true to adopt and manage Default VPC"},"map_public_ip_on_launch":{"default":true,"description":"Should be false if you do not want to auto-assign public IP on launch"},"monitoring_endpoint_private_dns_enabled":{"default":false,"description":"Whether or not to associate a private hosted zone with the specified VPC for CloudWatch Monitoring endpoint"},"monitoring_endpoint_security_group_ids":{"default":[],"description":"The ID of one or more security groups to associate with the network interface for CloudWatch Monitoring endpoint"},"monitoring_endpoint_subnet_ids":{"default":[],"description":"The ID of one or more subnets in which to create a network interface for CloudWatch Monitoring endpoint. Only a single subnet within an AZ is supported. If omitted, private subnets will be used."},"name":{"default":"","description":"Name to be used on all the resources as identifier"},"nat_eip_tags":{"default":{},"description":"Additional tags for the NAT EIP"},"nat_gateway_tags":{"default":{},"description":"Additional tags for the NAT gateways"},"one_nat_gateway_per_az":{"default":false,"description":"Should be true if you want only one NAT Gateway per availability zone. Requires `var.azs` to be set, and the number of `public_subnets` created to be greater than or equal to the number of availability zones specified in `var.azs`."},"private_acl_tags":{"default":{},"description":"Additional tags for the private subnets network ACL"},"private_dedicated_network_acl":{"default":false,"description":"Whether to use dedicated network ACL (not default) and custom rules for private subnets"},"private_inbound_acl_rules":{"default":[{"cidr_block":"0.0.0.0/0","from_port":"0","protocol":"-1","rule_action":"allow","rule_number":"100","to_port":"0"}],"description":"Private subnets inbound network ACLs"},"private_outbound_acl_rules":{"default":[{"cidr_block":"0.0.0.0/0","from_port":"0","protocol":"-1","rule_action":"allow","rule_number":"100","to_port":"0"}],"description":"Private subnets outbound network ACLs"},"private_route_table_tags":{"default":{},"description":"Additional tags for the private route tables"},"private_subnet_assign_ipv6_address_on_creation":{"default":null,"description":"Assign IPv6 address on private subnet, must be disabled to change IPv6 CIDRs. This is the IPv6 equivalent of map_public_ip_on_launch"},"private_subnet_ipv6_prefixes":{"default":[],"description":"Assigns IPv6 private subnet id based on the Amazon provided /56 prefix base 10 integer (0-256). Must be of equal length to the corresponding IPv4 subnet list"},"private_subnet_suffix":{"default":"private","description":"Suffix to append to private subnets name"},"private_subnet_tags":{"default":{},"description":"Additional tags for the private subnets"},"private_subnets":{"default":[],"description":"A list of private subnets inside the VPC"},"propagate_private_route_tables_vgw":{"default":false,"description":"Should be true if you want route table propagation"},"propagate_public_route_tables_vgw":{"default":false,"description":"Should be true if you want route table propagation"},"public_acl_tags":{"default":{},"description":"Additional tags for the public subnets network ACL"},"public_dedicated_network_acl":{"default":false,"description":"Whether to use dedicated network ACL (not default) and custom rules for public subnets"},"public_inbound_acl_rules":{"default":[{"cidr_block":"0.0.0.0/0","from_port":"0","protocol":"-1","rule_action":"allow","rule_number":"100","to_port":"0"}],"description":"Public subnets inbound network ACLs"},"public_outbound_acl_rules":{"default":[{"cidr_block":"0.0.0.0/0","from_port":"0","protocol":"-1","rule_action":"allow","rule_number":"100","to_port":"0"}],"description":"Public subnets outbound network ACLs"},"public_route_table_tags":{"default":{},"description":"Additional tags for the public route tables"},"public_subnet_assign_ipv6_address_on_creation":{"default":null,"description":"Assign IPv6 address on public subnet, must be disabled to change IPv6 CIDRs. This is the IPv6 equivalent of map_public_ip_on_launch"},"public_subnet_ipv6_prefixes":{"default":[],"description":"Assigns IPv6 public subnet id based on the Amazon provided /56 prefix base 10 integer (0-256). Must be of equal length to the corresponding IPv4 subnet list"},"public_subnet_suffix":{"default":"public","description":"Suffix to append to public subnets name"},"public_subnet_tags":{"default":{},"description":"Additional tags for the public subnets"},"public_subnets":{"default":[],"description":"A list of public subnets inside the VPC"},"redshift_acl_tags":{"default":{},"description":"Additional tags for the redshift subnets network ACL"},"redshift_dedicated_network_acl":{"default":false,"description":"Whether to use dedicated network ACL (not default) and custom rules for redshift subnets"},"redshift_inbound_acl_rules":{"default":[{"cidr_block":"0.0.0.0/0","from_port":"0","protocol":"-1","rule_action":"allow","rule_number":"100","to_port":"0"}],"description":"Redshift subnets inbound network ACL rules"},"redshift_outbound_acl_rules":{"default":[{"cidr_block":"0.0.0.0/0","from_port":"0","protocol":"-1","rule_action":"allow","rule_number":"100","to_port":"0"}],"description":"Redshift subnets outbound network ACL rules"},"redshift_route_table_tags":{"default":{},"description":"Additional tags for the redshift route tables"},"redshift_subnet_assign_ipv6_address_on_creation":{"default":null,"description":"Assign IPv6 address on redshift subnet, must be disabled to change IPv6 CIDRs. This is the IPv6 equivalent of map_public_ip_on_launch"},"redshift_subnet_group_tags":{"default":{},"description":"Additional tags for the redshift subnet group"},"redshift_subnet_ipv6_prefixes":{"default":[],"description":"Assigns IPv6 redshift subnet id based on the Amazon provided /56 prefix base 10 integer (0-256). Must be of equal length to the corresponding IPv4 subnet list"},"redshift_subnet_suffix":{"default":"redshift","description":"Suffix to append to redshift subnets name"},"redshift_subnet_tags":{"default":{},"description":"Additional tags for the redshift subnets"},"redshift_subnets":{"default":[],"description":"A list of redshift subnets"},"rekognition_endpoint_private_dns_enabled":{"default":false,"description":"Whether or not to associate a private hosted zone with the specified VPC for Rekognition endpoint"},"rekognition_endpoint_security_group_ids":{"default":[],"description":"The ID of one or more security groups to associate with the network interface for Rekognition endpoint"},"rekognition_endpoint_subnet_ids":{"default":[],"description":"The ID of one or more subnets in which to create a network interface for Rekognition endpoint. Only a single subnet within an AZ is supported. If omitted, private subnets will be used."},"reuse_nat_ips":{"default":false,"description":"Should be true if you don't want EIPs to be created for your NAT Gateways and will instead pass them in via the 'external_nat_ip_ids' variable"},"sagemaker_api_endpoint_private_dns_enabled":{"default":false,"description":"Whether or not to associate a private hosted zone with the specified VPC for SageMaker API endpoint"},"sagemaker_api_endpoint_security_group_ids":{"default":[],"description":"The ID of one or more security groups to associate with the network interface for SageMaker API endpoint"},"sagemaker_api_endpoint_subnet_ids":{"default":[],"description":"The ID of one or more subnets in which to create a network interface for SageMaker API endpoint. Only a single subnet within an AZ is supported. If omitted, private subnets will be used."},"sagemaker_notebook_endpoint_private_dns_enabled":{"default":false,"description":"Whether or not to associate a private hosted zone with the specified VPC for Sagemaker Notebook endpoint"},"sagemaker_notebook_endpoint_region":{"default":"","description":"Region to use for Sagemaker Notebook endpoint"},"sagemaker_notebook_endpoint_security_group_ids":{"default":[],"description":"The ID of one or more security groups to associate with the network interface for Sagemaker Notebook endpoint"},"sagemaker_notebook_endpoint_subnet_ids":{"default":[],"description":"The ID of one or more subnets in which to create a network interface for Sagemaker Notebook endpoint. Only a single subnet within an AZ is supported. If omitted, private subnets will be used."},"sagemaker_runtime_endpoint_private_dns_enabled":{"default":false,"description":"Whether or not to associate a private hosted zone with the specified VPC for SageMaker Runtime endpoint"},"sagemaker_runtime_endpoint_security_group_ids":{"default":[],"description":"The ID of one or more security groups to associate with the network interface for SageMaker Runtime endpoint"},"sagemaker_runtime_endpoint_subnet_ids":{"default":[],"description":"The ID of one or more subnets in which to create a network interface for SageMaker Runtime endpoint. Only a single subnet within an AZ is supported. If omitted, private subnets will be used."},"secondary_cidr_blocks":{"default":[],"description":"List of secondary CIDR blocks to associate with the VPC to extend the IP Address pool"},"secretsmanager_endpoint_private_dns_enabled":{"default":false,"description":"Whether or not to associate a private hosted zone with the specified VPC for Secrets Manager endpoint"},"secretsmanager_endpoint_security_group_ids":{"default":[],"description":"The ID of one or more security groups to associate with the network interface for Secrets Manager endpoint"},"secretsmanager_endpoint_subnet_ids":{"default":[],"description":"The ID of one or more subnets in which to create a network interface for Secrets Manager endpoint. Only a single subnet within an AZ is supported. If omitted, private subnets will be used."},"servicecatalog_endpoint_private_dns_enabled":{"default":false,"description":"Whether or not to associate a private hosted zone with the specified VPC for Service Catalog endpoint"},"servicecatalog_endpoint_security_group_ids":{"default":[],"description":"The ID of one or more security groups to associate with the network interface for Service Catalog endpoint"},"servicecatalog_endpoint_subnet_ids":{"default":[],"description":"The ID of one or more subnets in which to create a network interface for Service Catalog endpoint. Only a single subnet within an AZ is supported. If omitted, private subnets will be used."},"single_nat_gateway":{"default":false,"description":"Should be true if you want to provision a single shared NAT Gateway across all of your private networks"},"sns_endpoint_private_dns_enabled":{"default":false,"description":"Whether or not to associate a private hosted zone with the specified VPC for SNS endpoint"},"sns_endpoint_security_group_ids":{"default":[],"description":"The ID of one or more security groups to associate with the network interface for SNS endpoint"},"sns_endpoint_subnet_ids":{"default":[],"description":"The ID of one or more subnets in which to create a network interface for SNS endpoint. Only a single subnet within an AZ is supported. If omitted, private subnets will be used."},"sqs_endpoint_private_dns_enabled":{"default":false,"description":"Whether or not to associate a private hosted zone with the specified VPC for SQS endpoint"},"sqs_endpoint_security_group_ids":{"default":[],"description":"The ID of one or more security groups to associate with the network interface for SQS endpoint"},"sqs_endpoint_subnet_ids":{"default":[],"description":"The ID of one or more subnets in which to create a network interface for SQS endpoint. Only a single subnet within an AZ is supported. If omitted, private subnets will be used."},"ssm_endpoint_private_dns_enabled":{"default":false,"description":"Whether or not to associate a private hosted zone with the specified VPC for SSM endpoint"},"ssm_endpoint_security_group_ids":{"default":[],"description":"The ID of one or more security groups to associate with the network interface for SSM endpoint"},"ssm_endpoint_subnet_ids":{"default":[],"description":"The ID of one or more subnets in which to create a network interface for SSM endpoint. Only a single subnet within an AZ is supported. If omitted, private subnets will be used."},"ssmmessages_endpoint_private_dns_enabled":{"default":false,"description":"Whether or not to associate a private hosted zone with the specified VPC for SSMMESSAGES endpoint"},"ssmmessages_endpoint_security_group_ids":{"default":[],"description":"The ID of one or more security groups to associate with the network interface for SSMMESSAGES endpoint"},"ssmmessages_endpoint_subnet_ids":{"default":[],"description":"The ID of one or more subnets in which to create a network interface for SSMMESSAGES endpoint. Only a single subnet within an AZ is supported. If omitted, private subnets will be used."},"storagegateway_endpoint_private_dns_enabled":{"default":false,"description":"Whether or not to associate a private hosted zone with the specified VPC for Storage Gateway endpoint"},"storagegateway_endpoint_security_group_ids":{"default":[],"description":"The ID of one or more security groups to associate with the network interface for Storage Gateway endpoint"},"storagegateway_endpoint_subnet_ids":{"default":[],"description":"The ID of one or more subnets in which to create a network interface for Storage Gateway endpoint. Only a single subnet within an AZ is supported. If omitted, private subnets will be used."},"sts_endpoint_private_dns_enabled":{"default":false,"description":"Whether or not to associate a private hosted zone with the specified VPC for STS endpoint"},"sts_endpoint_security_group_ids":{"default":[],"description":"The ID of one or more security groups to associate with the network interface for STS endpoint"},"sts_endpoint_subnet_ids":{"default":[],"description":"The ID of one or more subnets in which to create a network interface for STS endpoint. Only a single subnet within an AZ is supported. If omitted, private subnets will be used."},"tags":{"default":{},"description":"A map of tags to add to all resources"},"transfer_endpoint_private_dns_enabled":{"default":false,"description":"Whether or not to associate a private hosted zone with the specified VPC for Transfer endpoint"},"transfer_endpoint_security_group_ids":{"default":[],"description":"The ID of one or more security groups to associate with the network interface for Transfer endpoint"},"transfer_endpoint_subnet_ids":{"default":[],"description":"The ID of one or more subnets in which to create a network interface for Transfer endpoint. Only a single subnet within an AZ is supported. Ifomitted, private subnets will be used."},"transferserver_endpoint_private_dns_enabled":{"default":false,"description":"Whether or not to associate a private hosted zone with the specified VPC for Transfer Server endpoint"},"transferserver_endpoint_security_group_ids":{"default":[],"description":"The ID of one or more security groups to associate with the network interface for Transfer Server endpoint"},"transferserver_endpoint_subnet_ids":{"default":[],"description":"The ID of one or more subnets in which to create a network interface for Transfer Server endpoint. Only a single subnet within an AZ is supported. If omitted, private subnets will be used."},"vpc_endpoint_tags":{"default":{},"description":"Additional tags for the VPC Endpoints"},"vpc_tags":{"default":{},"description":"Additional tags for the VPC"},"vpn_gateway_id":{"default":"","description":"ID of VPN Gateway to attach to the VPC"},"vpn_gateway_tags":{"default":{},"description":"Additional tags for the VPN gateway"}}},"version_constraint":"2.17.0"}}}},"relevant_attributes":[{"resource":"module.bipin_vpc.aws_vpc_endpoint.ecs_agent","attribute":[]},{"resource":"module.bipin_vpc.data.aws_vpc_endpoint_service.cloudtrail[0]","attribute":["service_name"]},{"resource":"module.bipin_vpc.aws_route_table.database","attribute":[]},{"resource":"module.bipin_vpc.aws_network_acl.database","attribute":[]},{"resource":"module.bipin_vpc.aws_route_table.elasticache","attribute":[]},{"resource":"module.bipin_vpc.aws_vpc_endpoint.apigw","attribute":[]},{"resource":"module.bipin_vpc.data.aws_vpc_endpoint_service.sns[0]","attribute":["service_name"]},{"resource":"module.bipin_vpc.data.aws_vpc_endpoint_service.transfer[0]","attribute":["service_name"]},{"resource":"module.bipin_vpc.data.aws_vpc_endpoint_service.rekognition[0]","attribute":["service_name"]},{"resource":"module.bipin_vpc.data.aws_vpc_endpoint_service.appstream[0]","attribute":["service_name"]},{"resource":"module.bipin_vpc.aws_vpc_endpoint.ec2","attribute":[]},{"resource":"module.bipin_vpc.data.aws_vpc_endpoint_service.ec2messages[0]","attribute":["service_name"]},{"resource":"module.bipin_vpc.aws_route_table.redshift","attribute":[]},{"resource":"module.bipin_vpc.aws_vpc_endpoint.codepipeline","attribute":[]},{"resource":"module.bipin_vpc.aws_vpc_endpoint.elasticloadbalancing","attribute":[]},{"resource":"module.bipin_vpc.data.aws_vpc_endpoint_service.cloudformation[0]","attribute":["service_name"]},{"resource":"module.bipin_vpc.data.aws_vpc_endpoint_service.servicecatalog[0]","attribute":["service_name"]},{"resource":"aws_security_group.sg","attribute":["id"]},{"resource":"module.bipin_vpc.aws_eip.nat","attribute":[]},{"resource":"module.bipin_vpc.aws_subnet.intra","attribute":[]},{"resource":"module.bipin_vpc.aws_vpc_endpoint.monitoring","attribute":[]},{"resource":"module.bipin_vpc.data.aws_vpc_endpoint_service.ecr_api[0]","attribute":["service_name"]},{"resource":"module.bipin_vpc.data.aws_vpc_endpoint_service.appmesh_envoy_management[0]","attribute":["service_name"]},{"resource":"module.bipin_vpc.aws_subnet.public","attribute":[]},{"resource":"module.bipin_vpc.data.aws_vpc_endpoint_service.kms[0]","attribute":["service_name"]},{"resource":"module.bipin_vpc.aws_route_table.intra","attribute":[]},{"resource":"module.bipin_vpc.aws_network_acl.elasticache","attribute":[]},{"resource":"module.bipin_vpc.aws_vpc_endpoint.ecr_dkr","attribute":[]},{"resource":"module.bipin_vpc.aws_route_table.public","attribute":[]},{"resource":"module.bipin_vpc.aws_redshift_subnet_group.redshift","attribute":[]},{"resource":"module.bipin_vpc.aws_vpc.this[0]","attribute":["id"]},{"resource":"module.bipin_vpc.aws_vpc_endpoint.cloudformation","attribute":[]},{"resource":"module.bipin_vpc.aws_vpc_endpoint.ecr_api","attribute":[]},{"resource":"module.bipin_vpc.data.aws_vpc_endpoint_service.ssm[0]","attribute":["service_name"]},{"resource":"module.bipin_vpc.data.aws_vpc_endpoint_service.sqs[0]","attribute":["service_name"]},{"resource":"module.bipin_vpc.aws_vpc_endpoint.sagemaker_api","attribute":[]},{"resource":"module.bipin_vpc.data.aws_vpc_endpoint_service.ecr_dkr[0]","attribute":["service_name"]},{"resource":"module.bipin_vpc.data.aws_vpc_endpoint_service.secretsmanager[0]","attribute":["service_name"]},{"resource":"module.bipin_vpc.data.aws_vpc_endpoint_service.ssmmessages[0]","attribute":["service_name"]},{"resource":"module.bipin_vpc.data.aws_vpc_endpoint_service.git_codecommit[0]","attribute":["service_name"]},{"resource":"module.bipin_vpc.aws_vpc_endpoint.ec2messages","attribute":[]},{"resource":"module.bipin_vpc.aws_vpc_endpoint.appmesh_envoy_management","attribute":[]},{"resource":"module.bipin_vpc.aws_internet_gateway.this","attribute":[]},{"resource":"module.bipin_vpc.aws_vpc_endpoint.git_codecommit","attribute":[]},{"resource":"module.bipin_vpc.aws_network_acl.intra","attribute":[]},{"resource":"module.bipin_vpc.aws_vpc_endpoint.config","attribute":[]},{"resource":"module.bipin_vpc.aws_vpc_endpoint.rekognition","attribute":[]},{"resource":"module.bipin_vpc.aws_vpc_endpoint.appstream","attribute":[]},{"resource":"module.bipin_vpc.data.aws_vpc_endpoint_service.codecommit[0]","attribute":["service_name"]},{"resource":"module.bipin_vpc.data.aws_vpc_endpoint_service.ec2[0]","attribute":["service_name"]},{"resource":"module.bipin_vpc.data.aws_vpc_endpoint_service.athena[0]","attribute":["service_name"]},{"resource":"module.bipin_vpc.aws_vpc_endpoint.transferserver","attribute":[]},{"resource":"module.bipin_vpc.aws_vpc_endpoint.storagegateway","attribute":[]},{"resource":"module.bipin_vpc.data.aws_vpc_endpoint_service.s3[0]","attribute":["service_name"]},{"resource":"module.bipin_vpc.data.aws_vpc_endpoint_service.codepipeline[0]","attribute":["service_name"]},{"resource":"module.bipin_vpc.data.aws_vpc_endpoint_service.dynamodb[0]","attribute":["service_name"]},{"resource":"module.bipin_vpc.aws_vpc_endpoint.sqs","attribute":[]},{"resource":"module.bipin_vpc.data.aws_vpc_endpoint_service.ecs_agent[0]","attribute":["service_name"]},{"resource":"module.bipin_vpc.data.aws_vpc_endpoint_service.events[0]","attribute":["service_name"]},{"resource":"module.bipin_vpc.data.aws_vpc_endpoint_service.config[0]","attribute":["service_name"]},{"resource":"module.bipin_vpc.aws_subnet.redshift","attribute":[]},{"resource":"module.bipin_vpc.aws_nat_gateway.this","attribute":[]},{"resource":"module.bipin_vpc.aws_network_acl.redshift","attribute":[]},{"resource":"module.bipin_vpc.aws_subnet.private","attribute":[]},{"resource":"module.bipin_vpc.aws_vpc_endpoint.servicecatalog","attribute":[]},{"resource":"module.bipin_vpc.aws_vpc_endpoint.kms","attribute":[]},{"resource":"module.bipin_vpc.data.aws_vpc_endpoint_service.ecs[0]","attribute":["service_name"]},{"resource":"module.bipin_vpc.data.aws_vpc_endpoint_service.kinesis_streams[0]","attribute":["service_name"]},{"resource":"module.bipin_vpc.data.aws_vpc_endpoint_service.elasticloadbalancing[0]","attribute":["service_name"]},{"resource":"module.bipin_vpc.data.aws_vpc_endpoint_service.ecs_telemetry[0]","attribute":["service_name"]},{"resource":"module.bipin_vpc.aws_subnet.elasticache","attribute":[]},{"resource":"module.bipin_vpc.aws_vpc_endpoint.glue","attribute":[]},{"resource":"module.bipin_vpc.aws_vpc_endpoint.ecs","attribute":[]},{"resource":"module.bipin_vpc.data.aws_vpc_endpoint_service.transferserver[0]","attribute":["service_name"]},{"resource":"module.bipin_vpc.data.aws_vpc_endpoint_service.codebuild[0]","attribute":["service_name"]},{"resource":"module.bipin_vpc.aws_vpc.this[0]","attribute":["ipv6_cidr_block"]},{"resource":"module.bipin_vpc.aws_vpn_gateway_attachment.this","attribute":[]},{"resource":"module.bipin_vpc.aws_vpc_endpoint.sagemaker_runtime","attribute":[]},{"resource":"module.bipin_vpc.aws_vpc_endpoint.cloudtrail","attribute":[]},{"resource":"module.bipin_vpc.data.aws_vpc_endpoint_service.logs[0]","attribute":["service_name"]},{"resource":"module.bipin_vpc.aws_route_table.public[0]","attribute":["id"]},{"resource":"module.bipin_vpc.aws_db_subnet_group.database","attribute":[]},{"resource":"module.bipin_vpc.aws_vpc_endpoint.kinesis_streams","attribute":[]},{"resource":"module.bipin_vpc.aws_vpc_endpoint.events","attribute":[]},{"resource":"module.bipin_vpc.aws_vpc_endpoint.logs","attribute":[]},{"resource":"module.bipin_vpc.aws_internet_gateway.this[0]","attribute":["id"]},{"resource":"module.bipin_vpc.aws_vpc_endpoint.dynamodb","attribute":[]},{"resource":"module.bipin_vpc.data.aws_vpc_endpoint_service.glue[0]","attribute":["service_name"]},{"resource":"module.bipin_vpc.data.aws_vpc_endpoint_service.storagegateway[0]","attribute":["service_name"]},{"resource":"module.bipin_vpc.data.aws_vpc_endpoint_service.sts[0]","attribute":["service_name"]},{"resource":"module.bipin_vpc.aws_default_vpc.this","attribute":[]},{"resource":"module.bipin_vpc.aws_vpc_endpoint.ssmmessages","attribute":[]},{"resource":"module.bipin_vpc.aws_network_acl.public","attribute":[]},{"resource":"module.bipin_vpc.data.aws_vpc_endpoint_service.sagemaker_api[0]","attribute":["service_name"]},{"resource":"module.bipin_vpc.aws_subnet.database","attribute":[]},{"resource":"module.bipin_vpc.aws_route_table.private","attribute":[]},{"resource":"module.bipin_vpc.aws_egress_only_internet_gateway.this","attribute":[]},{"resource":"module.bipin_vpc.aws_vpc_endpoint.kinesis_firehose","attribute":[]},{"resource":"module.bipin_vpc.data.aws_vpc_endpoint_service.kinesis_firehose[0]","attribute":["service_name"]},{"resource":"module.bipin_vpc.data.aws_vpc_endpoint_service.sagemaker_runtime[0]","attribute":["service_name"]},{"resource":"module.bipin_vpc.aws_vpc_endpoint.s3","attribute":[]},{"resource":"module.bipin_vpc.aws_vpc_endpoint.sts","attribute":[]},{"resource":"module.bipin_vpc.aws_vpc_endpoint.ecs_telemetry","attribute":[]},{"resource":"module.bipin_vpc.aws_vpc_endpoint.sns","attribute":[]},{"resource":"module.bipin_vpc.aws_vpc_endpoint.codecommit","attribute":[]},{"resource":"module.bipin_vpc.aws_vpc.this","attribute":[]},{"resource":"module.bipin_vpc.aws_vpc_ipv4_cidr_block_association.this","attribute":[]},{"resource":"module.bipin_vpc.aws_elasticache_subnet_group.elasticache","attribute":[]},{"resource":"module.bipin_vpc.aws_vpc_endpoint.secretsmanager","attribute":[]},{"resource":"module.bipin_vpc.data.aws_vpc_endpoint_service.apigw[0]","attribute":["service_name"]},{"resource":"module.bipin_vpc.aws_vpn_gateway.this","attribute":[]},{"resource":"module.bipin_vpc.aws_vpc_endpoint.ssm","attribute":[]},{"resource":"module.bipin_vpc.aws_vpc_endpoint.transfer","attribute":[]},{"resource":"module.bipin_vpc.aws_network_acl.private","attribute":[]},{"resource":"module.bipin_vpc.data.aws_vpc_endpoint_service.monitoring[0]","attribute":["service_name"]},{"resource":"module.bipin_vpc.aws_vpc_endpoint.athena","attribute":[]},{"resource":"module.bipin_vpc.aws_vpc_endpoint.codebuild","attribute":[]}]}
